// !$*UTF8*$!
{
	archiveVersion = 1;
	classes = {
	};
	objectVersion = 55;
	objects = {

/* Begin PBXBuildFile section */
		0C7F483927337D1C007FE109 /* District.swift in Sources */ = {isa = PBXBuildFile; fileRef = 0C7F483827337D1C007FE109 /* District.swift */; };
		0CAEE3A9273A3769002C1136 /* RoomDetailViewController.swift in Sources */ = {isa = PBXBuildFile; fileRef = 0CAEE3A8273A3769002C1136 /* RoomDetailViewController.swift */; };
		0CAEE3AC273A61B3002C1136 /* RoomDetailInfoView.swift in Sources */ = {isa = PBXBuildFile; fileRef = 0CAEE3AB273A61B2002C1136 /* RoomDetailInfoView.swift */; };
		0CAEE3B1273BA7C3002C1136 /* RoomDetailUserRankView.swift in Sources */ = {isa = PBXBuildFile; fileRef = 0CAEE3B0273BA7C3002C1136 /* RoomDetailUserRankView.swift */; };
		1F061DA8272FF896008FC519 /* .swiftlint.yml in Resources */ = {isa = PBXBuildFile; fileRef = 1F061DA7272FF896008FC519 /* .swiftlint.yml */; };
		1F06844F27315D6300E2C789 /* GoogleService-Info.plist in Resources */ = {isa = PBXBuildFile; fileRef = 1F06844E27315D6300E2C789 /* GoogleService-Info.plist */; };
		1F0CAED32733E00300389CFA /* RoomDTO.swift in Sources */ = {isa = PBXBuildFile; fileRef = 1F0CAED22733E00300389CFA /* RoomDTO.swift */; };
		1F0CAED52733E03600389CFA /* FirebaseService.swift in Sources */ = {isa = PBXBuildFile; fileRef = 1F0CAED42733E03600389CFA /* FirebaseService.swift */; };
		1F0CAED72733E04F00389CFA /* RoomListRepository.swift in Sources */ = {isa = PBXBuildFile; fileRef = 1F0CAED62733E04F00389CFA /* RoomListRepository.swift */; };
		1F72C20E2734010700C59CC1 /* Observable.swift in Sources */ = {isa = PBXBuildFile; fileRef = 1F72C20D2734010700C59CC1 /* Observable.swift */; };
		1FCDDE6C272EE0F00027AAAD /* AppDelegate.swift in Sources */ = {isa = PBXBuildFile; fileRef = 1FCDDE6B272EE0F00027AAAD /* AppDelegate.swift */; };
		1FCDDE6E272EE0F00027AAAD /* SceneDelegate.swift in Sources */ = {isa = PBXBuildFile; fileRef = 1FCDDE6D272EE0F00027AAAD /* SceneDelegate.swift */; };
		1FCDDE70272EE0F00027AAAD /* RoomListViewController.swift in Sources */ = {isa = PBXBuildFile; fileRef = 1FCDDE6F272EE0F00027AAAD /* RoomListViewController.swift */; };
		1FCDDE75272EE0F10027AAAD /* Assets.xcassets in Resources */ = {isa = PBXBuildFile; fileRef = 1FCDDE74272EE0F10027AAAD /* Assets.xcassets */; };
		1FCDDE78272EE0F10027AAAD /* LaunchScreen.storyboard in Resources */ = {isa = PBXBuildFile; fileRef = 1FCDDE76272EE0F10027AAAD /* LaunchScreen.storyboard */; };
		1FE6C8AC2732621800AC7408 /* FirebaseFirestore in Frameworks */ = {isa = PBXBuildFile; productRef = 1FE6C8AB2732621800AC7408 /* FirebaseFirestore */; };
		1FE6C8AE2732621800AC7408 /* FirebaseFirestoreSwift-Beta in Frameworks */ = {isa = PBXBuildFile; productRef = 1FE6C8AD2732621800AC7408 /* FirebaseFirestoreSwift-Beta */; };
		1FE6C8B0273273BD00AC7408 /* UserRecord.swift in Sources */ = {isa = PBXBuildFile; fileRef = 1FE6C8AF273273BD00AC7408 /* UserRecord.swift */; };
		1FE6C8B22732741E00AC7408 /* GeoLocation.swift in Sources */ = {isa = PBXBuildFile; fileRef = 1FE6C8B12732741E00AC7408 /* GeoLocation.swift */; };
		25020598273A3300004B024E /* RecordViewController.swift in Sources */ = {isa = PBXBuildFile; fileRef = 25020597273A3300004B024E /* RecordViewController.swift */; };
		2502059A273A33A5004B024E /* MapViewController.swift in Sources */ = {isa = PBXBuildFile; fileRef = 25020599273A33A5004B024E /* MapViewController.swift */; };
		2502059C273A33CB004B024E /* LeaderBoardViewController.swift in Sources */ = {isa = PBXBuildFile; fileRef = 2502059B273A33CB004B024E /* LeaderBoardViewController.swift */; };
		2502059E273A6405004B024E /* DistrictSelectButton.swift in Sources */ = {isa = PBXBuildFile; fileRef = 2502059D273A6405004B024E /* DistrictSelectButton.swift */; };
		251031BC27339C0200BD07BF /* RatingView.swift in Sources */ = {isa = PBXBuildFile; fileRef = 251031BB27339C0200BD07BF /* RatingView.swift */; };
		251031C02733A2AC00BD07BF /* Rating.swift in Sources */ = {isa = PBXBuildFile; fileRef = 251031BF2733A2AC00BD07BF /* Rating.swift */; };
		251031C22733A5B500BD07BF /* RatingImage.swift in Sources */ = {isa = PBXBuildFile; fileRef = 251031C12733A5B500BD07BF /* RatingImage.swift */; };
		251031C42733AAF500BD07BF /* RoomOverviewTableViewCell.swift in Sources */ = {isa = PBXBuildFile; fileRef = 251031C32733AAF500BD07BF /* RoomOverviewTableViewCell.swift */; };
		251031C62733BCAC00BD07BF /* RatingContainerView.swift in Sources */ = {isa = PBXBuildFile; fileRef = 251031C52733BCAC00BD07BF /* RatingContainerView.swift */; };
		2513CACF2735192F00A574C7 /* EDSKit.swift in Sources */ = {isa = PBXBuildFile; fileRef = 2513CACE2735192F00A574C7 /* EDSKit.swift */; };
		25513368273107A000A92CF3 /* Genre.swift in Sources */ = {isa = PBXBuildFile; fileRef = 25513367273107A000A92CF3 /* Genre.swift */; };
		2551336A273108A800A92CF3 /* RoomListUseCase.swift in Sources */ = {isa = PBXBuildFile; fileRef = 25513369273108A800A92CF3 /* RoomListUseCase.swift */; };
		2551336C2731093B00A92CF3 /* RoomListViewModel.swift in Sources */ = {isa = PBXBuildFile; fileRef = 2551336B2731093B00A92CF3 /* RoomListViewModel.swift */; };
		2551336E27310D5500A92CF3 /* Room.swift in Sources */ = {isa = PBXBuildFile; fileRef = 2551336D27310D5500A92CF3 /* Room.swift */; };
		2551339027315B1900A92CF3 /* SortingOption.swift in Sources */ = {isa = PBXBuildFile; fileRef = 2551338F27315B1900A92CF3 /* SortingOption.swift */; };
		25772766273CFBD100881845 /* DistrictSelectButton.swift in Sources */ = {isa = PBXBuildFile; fileRef = 25772765273CFBD100881845 /* DistrictSelectButton.swift */; };
		25F92C5F273A2AC3005E4A21 /* MainTabBarController.swift in Sources */ = {isa = PBXBuildFile; fileRef = 25F92C5E273A2AC3005E4A21 /* MainTabBarController.swift */; };
		3E2BDEA12732C2FB0081A749 /* Tagable.swift in Sources */ = {isa = PBXBuildFile; fileRef = 3E2BDEA02732C2FB0081A749 /* Tagable.swift */; };
		3E4378C927325241001ED120 /* TagScrollView.swift in Sources */ = {isa = PBXBuildFile; fileRef = 3E4378C827325241001ED120 /* TagScrollView.swift */; };
		3E4378CB27329028001ED120 /* TagButton.swift in Sources */ = {isa = PBXBuildFile; fileRef = 3E4378CA27329028001ED120 /* TagButton.swift */; };
		3E4378CD2732914B001ED120 /* DefaultViewController.swift in Sources */ = {isa = PBXBuildFile; fileRef = 3E4378CC2732914B001ED120 /* DefaultViewController.swift */; };
		3EBBD12B273A5621005B65F1 /* UtilityImage.swift in Sources */ = {isa = PBXBuildFile; fileRef = 3EBBD12A273A5621005B65F1 /* UtilityImage.swift */; };
/* End PBXBuildFile section */

/* Begin PBXFileReference section */
		0C7F483827337D1C007FE109 /* District.swift */ = {isa = PBXFileReference; lastKnownFileType = sourcecode.swift; path = District.swift; sourceTree = "<group>"; };
		0CAEE3A8273A3769002C1136 /* RoomDetailViewController.swift */ = {isa = PBXFileReference; lastKnownFileType = sourcecode.swift; path = RoomDetailViewController.swift; sourceTree = "<group>"; };
		0CAEE3AB273A61B2002C1136 /* RoomDetailInfoView.swift */ = {isa = PBXFileReference; lastKnownFileType = sourcecode.swift; path = RoomDetailInfoView.swift; sourceTree = "<group>"; };
		0CAEE3B0273BA7C3002C1136 /* RoomDetailUserRankView.swift */ = {isa = PBXFileReference; lastKnownFileType = sourcecode.swift; path = RoomDetailUserRankView.swift; sourceTree = "<group>"; };
		1F061DA7272FF896008FC519 /* .swiftlint.yml */ = {isa = PBXFileReference; fileEncoding = 4; lastKnownFileType = text.yaml; path = .swiftlint.yml; sourceTree = "<group>"; };
		1F06844E27315D6300E2C789 /* GoogleService-Info.plist */ = {isa = PBXFileReference; fileEncoding = 4; lastKnownFileType = text.plist.xml; path = "GoogleService-Info.plist"; sourceTree = "<group>"; };
		1F0CAED22733E00300389CFA /* RoomDTO.swift */ = {isa = PBXFileReference; lastKnownFileType = sourcecode.swift; path = RoomDTO.swift; sourceTree = "<group>"; };
		1F0CAED42733E03600389CFA /* FirebaseService.swift */ = {isa = PBXFileReference; lastKnownFileType = sourcecode.swift; path = FirebaseService.swift; sourceTree = "<group>"; };
		1F0CAED62733E04F00389CFA /* RoomListRepository.swift */ = {isa = PBXFileReference; lastKnownFileType = sourcecode.swift; path = RoomListRepository.swift; sourceTree = "<group>"; };
		1F72C20D2734010700C59CC1 /* Observable.swift */ = {isa = PBXFileReference; fileEncoding = 4; lastKnownFileType = sourcecode.swift; path = Observable.swift; sourceTree = "<group>"; };
		1FCDDE68272EE0F00027AAAD /* Escaper.app */ = {isa = PBXFileReference; explicitFileType = wrapper.application; includeInIndex = 0; path = Escaper.app; sourceTree = BUILT_PRODUCTS_DIR; };
		1FCDDE6B272EE0F00027AAAD /* AppDelegate.swift */ = {isa = PBXFileReference; lastKnownFileType = sourcecode.swift; path = AppDelegate.swift; sourceTree = "<group>"; };
		1FCDDE6D272EE0F00027AAAD /* SceneDelegate.swift */ = {isa = PBXFileReference; lastKnownFileType = sourcecode.swift; path = SceneDelegate.swift; sourceTree = "<group>"; };
		1FCDDE6F272EE0F00027AAAD /* RoomListViewController.swift */ = {isa = PBXFileReference; lastKnownFileType = sourcecode.swift; path = RoomListViewController.swift; sourceTree = "<group>"; };
		1FCDDE74272EE0F10027AAAD /* Assets.xcassets */ = {isa = PBXFileReference; lastKnownFileType = folder.assetcatalog; path = Assets.xcassets; sourceTree = "<group>"; };
		1FCDDE77272EE0F10027AAAD /* Base */ = {isa = PBXFileReference; lastKnownFileType = file.storyboard; name = Base; path = Base.lproj/LaunchScreen.storyboard; sourceTree = "<group>"; };
		1FCDDE79272EE0F10027AAAD /* Info.plist */ = {isa = PBXFileReference; lastKnownFileType = text.plist.xml; path = Info.plist; sourceTree = "<group>"; };
		1FE6C8AF273273BD00AC7408 /* UserRecord.swift */ = {isa = PBXFileReference; lastKnownFileType = sourcecode.swift; path = UserRecord.swift; sourceTree = "<group>"; };
		1FE6C8B12732741E00AC7408 /* GeoLocation.swift */ = {isa = PBXFileReference; lastKnownFileType = sourcecode.swift; path = GeoLocation.swift; sourceTree = "<group>"; };
		25020597273A3300004B024E /* RecordViewController.swift */ = {isa = PBXFileReference; lastKnownFileType = sourcecode.swift; path = RecordViewController.swift; sourceTree = "<group>"; };
		25020599273A33A5004B024E /* MapViewController.swift */ = {isa = PBXFileReference; lastKnownFileType = sourcecode.swift; path = MapViewController.swift; sourceTree = "<group>"; };
		2502059B273A33CB004B024E /* LeaderBoardViewController.swift */ = {isa = PBXFileReference; lastKnownFileType = sourcecode.swift; path = LeaderBoardViewController.swift; sourceTree = "<group>"; };
		2502059D273A6405004B024E /* DistrictSelectButton.swift */ = {isa = PBXFileReference; lastKnownFileType = sourcecode.swift; path = DistrictSelectButton.swift; sourceTree = "<group>"; };
		251031BB27339C0200BD07BF /* RatingView.swift */ = {isa = PBXFileReference; lastKnownFileType = sourcecode.swift; path = RatingView.swift; sourceTree = "<group>"; };
		251031BF2733A2AC00BD07BF /* Rating.swift */ = {isa = PBXFileReference; lastKnownFileType = sourcecode.swift; path = Rating.swift; sourceTree = "<group>"; };
		251031C12733A5B500BD07BF /* RatingImage.swift */ = {isa = PBXFileReference; lastKnownFileType = sourcecode.swift; path = RatingImage.swift; sourceTree = "<group>"; };
		251031C32733AAF500BD07BF /* RoomOverviewTableViewCell.swift */ = {isa = PBXFileReference; lastKnownFileType = sourcecode.swift; path = RoomOverviewTableViewCell.swift; sourceTree = "<group>"; };
		251031C52733BCAC00BD07BF /* RatingContainerView.swift */ = {isa = PBXFileReference; lastKnownFileType = sourcecode.swift; path = RatingContainerView.swift; sourceTree = "<group>"; };
		2513CACE2735192F00A574C7 /* EDSKit.swift */ = {isa = PBXFileReference; lastKnownFileType = sourcecode.swift; path = EDSKit.swift; sourceTree = "<group>"; };
		25513367273107A000A92CF3 /* Genre.swift */ = {isa = PBXFileReference; lastKnownFileType = sourcecode.swift; path = Genre.swift; sourceTree = "<group>"; };
		25513369273108A800A92CF3 /* RoomListUseCase.swift */ = {isa = PBXFileReference; lastKnownFileType = sourcecode.swift; path = RoomListUseCase.swift; sourceTree = "<group>"; };
		2551336B2731093B00A92CF3 /* RoomListViewModel.swift */ = {isa = PBXFileReference; lastKnownFileType = sourcecode.swift; path = RoomListViewModel.swift; sourceTree = "<group>"; };
		2551336D27310D5500A92CF3 /* Room.swift */ = {isa = PBXFileReference; lastKnownFileType = sourcecode.swift; path = Room.swift; sourceTree = "<group>"; };
		2551338F27315B1900A92CF3 /* SortingOption.swift */ = {isa = PBXFileReference; lastKnownFileType = sourcecode.swift; path = SortingOption.swift; sourceTree = "<group>"; };
		25772765273CFBD100881845 /* DistrictSelectButton.swift */ = {isa = PBXFileReference; fileEncoding = 4; lastKnownFileType = sourcecode.swift; path = DistrictSelectButton.swift; sourceTree = "<group>"; };
		25F92C5E273A2AC3005E4A21 /* MainTabBarController.swift */ = {isa = PBXFileReference; lastKnownFileType = sourcecode.swift; path = MainTabBarController.swift; sourceTree = "<group>"; };
		3E2BDEA02732C2FB0081A749 /* Tagable.swift */ = {isa = PBXFileReference; lastKnownFileType = sourcecode.swift; path = Tagable.swift; sourceTree = "<group>"; };
		3E4378C827325241001ED120 /* TagScrollView.swift */ = {isa = PBXFileReference; lastKnownFileType = sourcecode.swift; path = TagScrollView.swift; sourceTree = "<group>"; };
		3E4378CA27329028001ED120 /* TagButton.swift */ = {isa = PBXFileReference; lastKnownFileType = sourcecode.swift; path = TagButton.swift; sourceTree = "<group>"; };
		3E4378CC2732914B001ED120 /* DefaultViewController.swift */ = {isa = PBXFileReference; lastKnownFileType = sourcecode.swift; path = DefaultViewController.swift; sourceTree = "<group>"; };
		3EBBD12A273A5621005B65F1 /* UtilityImage.swift */ = {isa = PBXFileReference; lastKnownFileType = sourcecode.swift; path = UtilityImage.swift; sourceTree = "<group>"; };
/* End PBXFileReference section */

/* Begin PBXFrameworksBuildPhase section */
		1FCDDE65272EE0F00027AAAD /* Frameworks */ = {
			isa = PBXFrameworksBuildPhase;
			buildActionMask = 2147483647;
			files = (
				1FE6C8AC2732621800AC7408 /* FirebaseFirestore in Frameworks */,
				1FE6C8AE2732621800AC7408 /* FirebaseFirestoreSwift-Beta in Frameworks */,
			);
			runOnlyForDeploymentPostprocessing = 0;
		};
/* End PBXFrameworksBuildPhase section */

/* Begin PBXGroup section */
		0CAEE3AA273A618A002C1136 /* Views */ = {
			isa = PBXGroup;
			children = (
				0CAEE3AB273A61B2002C1136 /* RoomDetailInfoView.swift */,
				0CAEE3B0273BA7C3002C1136 /* RoomDetailUserRankView.swift */,
			);
			path = Views;
			sourceTree = "<group>";
		};
		1F0CAED12733DFF300389CFA /* DataMapping */ = {
			isa = PBXGroup;
			children = (
				1F0CAED22733E00300389CFA /* RoomDTO.swift */,
			);
			path = DataMapping;
			sourceTree = "<group>";
		};
		1FCDDE5F272EE0F00027AAAD = {
			isa = PBXGroup;
			children = (
				1F061DA7272FF896008FC519 /* .swiftlint.yml */,
				1FCDDE6A272EE0F00027AAAD /* Escaper */,
				1FCDDE69272EE0F00027AAAD /* Products */,
			);
			sourceTree = "<group>";
		};
		1FCDDE69272EE0F00027AAAD /* Products */ = {
			isa = PBXGroup;
			children = (
				1FCDDE68272EE0F00027AAAD /* Escaper.app */,
			);
			name = Products;
			sourceTree = "<group>";
		};
		1FCDDE6A272EE0F00027AAAD /* Escaper */ = {
			isa = PBXGroup;
			children = (
				1FCDDE79272EE0F10027AAAD /* Info.plist */,
				1F06844E27315D6300E2C789 /* GoogleService-Info.plist */,
				255133532730E8DB00A92CF3 /* Application */,
				2551335A2730EC5B00A92CF3 /* Resources */,
				255133572730E92800A92CF3 /* Common */,
				255133542730E8E700A92CF3 /* Presentation */,
				255133552730E8F300A92CF3 /* Domain */,
				255133562730E8FD00A92CF3 /* Infrastructure */,
			);
			path = Escaper;
			sourceTree = "<group>";
		};
		251031BA2733950900BD07BF /* Common */ = {
			isa = PBXGroup;
			children = (
				25772765273CFBD100881845 /* DistrictSelectButton.swift */,
				25F92C5E273A2AC3005E4A21 /* MainTabBarController.swift */,
				3E4378CC2732914B001ED120 /* DefaultViewController.swift */,
				251031BB27339C0200BD07BF /* RatingView.swift */,
				2502059D273A6405004B024E /* DistrictSelectButton.swift */,
			);
			path = Common;
			sourceTree = "<group>";
		};
		255133532730E8DB00A92CF3 /* Application */ = {
			isa = PBXGroup;
			children = (
				1FCDDE76272EE0F10027AAAD /* LaunchScreen.storyboard */,
				1FCDDE6B272EE0F00027AAAD /* AppDelegate.swift */,
				1FCDDE6D272EE0F00027AAAD /* SceneDelegate.swift */,
			);
			path = Application;
			sourceTree = "<group>";
		};
		255133542730E8E700A92CF3 /* Presentation */ = {
			isa = PBXGroup;
			children = (
				251031BA2733950900BD07BF /* Common */,
				2551335B2730ED5500A92CF3 /* Home */,
				2551335C2730EDA900A92CF3 /* RoomList */,
				2551335D2730EEDB00A92CF3 /* RoomDetail */,
				2551335E2730EEE200A92CF3 /* Map */,
				255133602730EF0300A92CF3 /* Record */,
				255133612730EF4500A92CF3 /* AddRecord */,
				2551335F2730EEEF00A92CF3 /* LeaderBoard */,
			);
			path = Presentation;
			sourceTree = "<group>";
		};
		255133552730E8F300A92CF3 /* Domain */ = {
			isa = PBXGroup;
			children = (
				3E2BDE9F2732C2E60081A749 /* Protocol */,
				255133662731072000A92CF3 /* DataStruct */,
				255133652731070F00A92CF3 /* UseCase */,
			);
			path = Domain;
			sourceTree = "<group>";
		};
		255133562730E8FD00A92CF3 /* Infrastructure */ = {
			isa = PBXGroup;
			children = (
				1F0CAED12733DFF300389CFA /* DataMapping */,
				1F0CAED42733E03600389CFA /* FirebaseService.swift */,
				1F0CAED62733E04F00389CFA /* RoomListRepository.swift */,
			);
			path = Infrastructure;
			sourceTree = "<group>";
		};
		255133572730E92800A92CF3 /* Common */ = {
			isa = PBXGroup;
			children = (
				255133592730EC3B00A92CF3 /* Library */,
				255133582730EC3300A92CF3 /* Extensions */,
			);
			path = Common;
			sourceTree = "<group>";
		};
		255133582730EC3300A92CF3 /* Extensions */ = {
			isa = PBXGroup;
			children = (
			);
			path = Extensions;
			sourceTree = "<group>";
		};
		255133592730EC3B00A92CF3 /* Library */ = {
			isa = PBXGroup;
			children = (
				1F72C20D2734010700C59CC1 /* Observable.swift */,
				251031C12733A5B500BD07BF /* RatingImage.swift */,
				2513CACE2735192F00A574C7 /* EDSKit.swift */,
				3EBBD12A273A5621005B65F1 /* UtilityImage.swift */,
			);
			path = Library;
			sourceTree = "<group>";
		};
		2551335A2730EC5B00A92CF3 /* Resources */ = {
			isa = PBXGroup;
			children = (
				1FCDDE74272EE0F10027AAAD /* Assets.xcassets */,
			);
			path = Resources;
			sourceTree = "<group>";
		};
		2551335B2730ED5500A92CF3 /* Home */ = {
			isa = PBXGroup;
			children = (
			);
			path = Home;
			sourceTree = "<group>";
		};
		2551335C2730EDA900A92CF3 /* RoomList */ = {
			isa = PBXGroup;
			children = (
				1FCDDE6F272EE0F00027AAAD /* RoomListViewController.swift */,
				2551336B2731093B00A92CF3 /* RoomListViewModel.swift */,
				255133632730F06100A92CF3 /* Views */,
			);
			path = RoomList;
			sourceTree = "<group>";
		};
		2551335D2730EEDB00A92CF3 /* RoomDetail */ = {
			isa = PBXGroup;
			children = (
				0CAEE3A8273A3769002C1136 /* RoomDetailViewController.swift */,
				0CAEE3AA273A618A002C1136 /* Views */,
			);
			path = RoomDetail;
			sourceTree = "<group>";
		};
		2551335E2730EEE200A92CF3 /* Map */ = {
			isa = PBXGroup;
			children = (
				25020599273A33A5004B024E /* MapViewController.swift */,
			);
			path = Map;
			sourceTree = "<group>";
		};
		2551335F2730EEEF00A92CF3 /* LeaderBoard */ = {
			isa = PBXGroup;
			children = (
				2502059B273A33CB004B024E /* LeaderBoardViewController.swift */,
			);
			path = LeaderBoard;
			sourceTree = "<group>";
		};
		255133602730EF0300A92CF3 /* Record */ = {
			isa = PBXGroup;
			children = (
				25020597273A3300004B024E /* RecordViewController.swift */,
			);
			path = Record;
			sourceTree = "<group>";
		};
		255133612730EF4500A92CF3 /* AddRecord */ = {
			isa = PBXGroup;
			children = (
			);
			path = AddRecord;
			sourceTree = "<group>";
		};
		255133632730F06100A92CF3 /* Views */ = {
			isa = PBXGroup;
			children = (
				3E4378C827325241001ED120 /* TagScrollView.swift */,
				3E4378CA27329028001ED120 /* TagButton.swift */,
				251031C52733BCAC00BD07BF /* RatingContainerView.swift */,
				255133642730F07000A92CF3 /* Cells */,
			);
			path = Views;
			sourceTree = "<group>";
		};
		255133642730F07000A92CF3 /* Cells */ = {
			isa = PBXGroup;
			children = (
				251031C32733AAF500BD07BF /* RoomOverviewTableViewCell.swift */,
			);
			path = Cells;
			sourceTree = "<group>";
		};
		255133652731070F00A92CF3 /* UseCase */ = {
			isa = PBXGroup;
			children = (
				25513369273108A800A92CF3 /* RoomListUseCase.swift */,
			);
			path = UseCase;
			sourceTree = "<group>";
		};
		255133662731072000A92CF3 /* DataStruct */ = {
			isa = PBXGroup;
			children = (
				25513367273107A000A92CF3 /* Genre.swift */,
				2551336D27310D5500A92CF3 /* Room.swift */,
				1FE6C8B12732741E00AC7408 /* GeoLocation.swift */,
				1FE6C8AF273273BD00AC7408 /* UserRecord.swift */,
				2551338F27315B1900A92CF3 /* SortingOption.swift */,
				251031BF2733A2AC00BD07BF /* Rating.swift */,
				0C7F483827337D1C007FE109 /* District.swift */,
			);
			path = DataStruct;
			sourceTree = "<group>";
		};
		3E2BDE9F2732C2E60081A749 /* Protocol */ = {
			isa = PBXGroup;
			children = (
				3E2BDEA02732C2FB0081A749 /* Tagable.swift */,
			);
			path = Protocol;
			sourceTree = "<group>";
		};
/* End PBXGroup section */

/* Begin PBXNativeTarget section */
		1FCDDE67272EE0F00027AAAD /* Escaper */ = {
			isa = PBXNativeTarget;
			buildConfigurationList = 1FCDDE7C272EE0F10027AAAD /* Build configuration list for PBXNativeTarget "Escaper" */;
			buildPhases = (
				1FCDDE64272EE0F00027AAAD /* Sources */,
				1FCDDE65272EE0F00027AAAD /* Frameworks */,
				1FCDDE66272EE0F00027AAAD /* Resources */,
				1FCDDE7F272EE1550027AAAD /* ShellScript */,
			);
			buildRules = (
			);
			dependencies = (
			);
			name = Escaper;
			packageProductDependencies = (
				1FE6C8AB2732621800AC7408 /* FirebaseFirestore */,
				1FE6C8AD2732621800AC7408 /* FirebaseFirestoreSwift-Beta */,
			);
			productName = Escaper;
			productReference = 1FCDDE68272EE0F00027AAAD /* Escaper.app */;
			productType = "com.apple.product-type.application";
		};
/* End PBXNativeTarget section */

/* Begin PBXProject section */
		1FCDDE60272EE0F00027AAAD /* Project object */ = {
			isa = PBXProject;
			attributes = {
				BuildIndependentTargetsInParallel = 1;
				LastSwiftUpdateCheck = 1300;
				LastUpgradeCheck = 1300;
				TargetAttributes = {
					1FCDDE67272EE0F00027AAAD = {
						CreatedOnToolsVersion = 13.0;
					};
				};
			};
			buildConfigurationList = 1FCDDE63272EE0F00027AAAD /* Build configuration list for PBXProject "Escaper" */;
			compatibilityVersion = "Xcode 13.0";
			developmentRegion = en;
			hasScannedForEncodings = 0;
			knownRegions = (
				en,
				Base,
			);
			mainGroup = 1FCDDE5F272EE0F00027AAAD;
			packageReferences = (
				1FE6C8AA2732621800AC7408 /* XCRemoteSwiftPackageReference "firebase-ios-sdk" */,
			);
			productRefGroup = 1FCDDE69272EE0F00027AAAD /* Products */;
			projectDirPath = "";
			projectRoot = "";
			targets = (
				1FCDDE67272EE0F00027AAAD /* Escaper */,
			);
		};
/* End PBXProject section */

/* Begin PBXResourcesBuildPhase section */
		1FCDDE66272EE0F00027AAAD /* Resources */ = {
			isa = PBXResourcesBuildPhase;
			buildActionMask = 2147483647;
			files = (
				1F061DA8272FF896008FC519 /* .swiftlint.yml in Resources */,
				1F06844F27315D6300E2C789 /* GoogleService-Info.plist in Resources */,
				1FCDDE78272EE0F10027AAAD /* LaunchScreen.storyboard in Resources */,
				1FCDDE75272EE0F10027AAAD /* Assets.xcassets in Resources */,
			);
			runOnlyForDeploymentPostprocessing = 0;
		};
/* End PBXResourcesBuildPhase section */

/* Begin PBXShellScriptBuildPhase section */
		1FCDDE7F272EE1550027AAAD /* ShellScript */ = {
			isa = PBXShellScriptBuildPhase;
			buildActionMask = 2147483647;
			files = (
			);
			inputFileListPaths = (
			);
			inputPaths = (
			);
			outputFileListPaths = (
			);
			outputPaths = (
			);
			runOnlyForDeploymentPostprocessing = 0;
			shellPath = /bin/sh;
			shellScript = "export PATH=\"$PATH:/opt/homebrew/bin\"\nexport arch_name=\"$(uname -m)\"\n\nif [ \"${arch_name}\" = \"x86_64\" ]; then\n    if which swiftlint >/dev/null; then\n        swiftlint\n    else \n        echo \"warning: SwiftLint not installed, download from https://github.com/realm/SwiftLint\"\n    fi\nelif [ \"${arch_name}\" = \"arm64\" ]; then\n    if which swiftlint; then\n        swiftlint\n    else\n        echo \"warning: SwiftLint not installed, download from https://github.com/realm/SwiftLint\"\n    fi\nfi\n\n";
		};
/* End PBXShellScriptBuildPhase section */

/* Begin PBXSourcesBuildPhase section */
		1FCDDE64272EE0F00027AAAD /* Sources */ = {
			isa = PBXSourcesBuildPhase;
			buildActionMask = 2147483647;
			files = (
				251031C42733AAF500BD07BF /* RoomOverviewTableViewCell.swift in Sources */,
				3E4378C927325241001ED120 /* TagScrollView.swift in Sources */,
				1F0CAED32733E00300389CFA /* RoomDTO.swift in Sources */,
				25020598273A3300004B024E /* RecordViewController.swift in Sources */,
				1FCDDE70272EE0F00027AAAD /* RoomListViewController.swift in Sources */,
				2551336C2731093B00A92CF3 /* RoomListViewModel.swift in Sources */,
				0CAEE3AC273A61B3002C1136 /* RoomDetailInfoView.swift in Sources */,
				2502059E273A6405004B024E /* DistrictSelectButton.swift in Sources */,
				1FE6C8B22732741E00AC7408 /* GeoLocation.swift in Sources */,
				2551336E27310D5500A92CF3 /* Room.swift in Sources */,
				251031C62733BCAC00BD07BF /* RatingContainerView.swift in Sources */,
				251031C02733A2AC00BD07BF /* Rating.swift in Sources */,
				1F0CAED52733E03600389CFA /* FirebaseService.swift in Sources */,
				1F72C20E2734010700C59CC1 /* Observable.swift in Sources */,
				3E2BDEA12732C2FB0081A749 /* Tagable.swift in Sources */,
				2502059C273A33CB004B024E /* LeaderBoardViewController.swift in Sources */,
				1F0CAED72733E04F00389CFA /* RoomListRepository.swift in Sources */,
				1FCDDE6C272EE0F00027AAAD /* AppDelegate.swift in Sources */,
				25772766273CFBD100881845 /* DistrictSelectButton.swift in Sources */,
				3E4378CD2732914B001ED120 /* DefaultViewController.swift in Sources */,
				0CAEE3B1273BA7C3002C1136 /* RoomDetailUserRankView.swift in Sources */,
				2551336A273108A800A92CF3 /* RoomListUseCase.swift in Sources */,
				3E4378CB27329028001ED120 /* TagButton.swift in Sources */,
				2513CACF2735192F00A574C7 /* EDSKit.swift in Sources */,
				251031BC27339C0200BD07BF /* RatingView.swift in Sources */,
				0C7F483927337D1C007FE109 /* District.swift in Sources */,
				25F92C5F273A2AC3005E4A21 /* MainTabBarController.swift in Sources */,
				3EBBD12B273A5621005B65F1 /* UtilityImage.swift in Sources */,
				0CAEE3A9273A3769002C1136 /* RoomDetailViewController.swift in Sources */,
				2551339027315B1900A92CF3 /* SortingOption.swift in Sources */,
				1FCDDE6E272EE0F00027AAAD /* SceneDelegate.swift in Sources */,
				1FE6C8B0273273BD00AC7408 /* UserRecord.swift in Sources */,
				251031C22733A5B500BD07BF /* RatingImage.swift in Sources */,
				25513368273107A000A92CF3 /* Genre.swift in Sources */,
				2502059A273A33A5004B024E /* MapViewController.swift in Sources */,
			);
			runOnlyForDeploymentPostprocessing = 0;
		};
/* End PBXSourcesBuildPhase section */

/* Begin PBXVariantGroup section */
		1FCDDE76272EE0F10027AAAD /* LaunchScreen.storyboard */ = {
			isa = PBXVariantGroup;
			children = (
				1FCDDE77272EE0F10027AAAD /* Base */,
			);
			name = LaunchScreen.storyboard;
			sourceTree = "<group>";
		};
/* End PBXVariantGroup section */

/* Begin XCBuildConfiguration section */
		1FCDDE7A272EE0F10027AAAD /* Debug */ = {
			isa = XCBuildConfiguration;
			buildSettings = {
				ALWAYS_SEARCH_USER_PATHS = NO;
				CLANG_ANALYZER_NONNULL = YES;
				CLANG_ANALYZER_NUMBER_OBJECT_CONVERSION = YES_AGGRESSIVE;
				CLANG_CXX_LANGUAGE_STANDARD = "gnu++17";
				CLANG_CXX_LIBRARY = "libc++";
				CLANG_ENABLE_MODULES = YES;
				CLANG_ENABLE_OBJC_ARC = YES;
				CLANG_ENABLE_OBJC_WEAK = YES;
				CLANG_WARN_BLOCK_CAPTURE_AUTORELEASING = YES;
				CLANG_WARN_BOOL_CONVERSION = YES;
				CLANG_WARN_COMMA = YES;
				CLANG_WARN_CONSTANT_CONVERSION = YES;
				CLANG_WARN_DEPRECATED_OBJC_IMPLEMENTATIONS = YES;
				CLANG_WARN_DIRECT_OBJC_ISA_USAGE = YES_ERROR;
				CLANG_WARN_DOCUMENTATION_COMMENTS = YES;
				CLANG_WARN_EMPTY_BODY = YES;
				CLANG_WARN_ENUM_CONVERSION = YES;
				CLANG_WARN_INFINITE_RECURSION = YES;
				CLANG_WARN_INT_CONVERSION = YES;
				CLANG_WARN_NON_LITERAL_NULL_CONVERSION = YES;
				CLANG_WARN_OBJC_IMPLICIT_RETAIN_SELF = YES;
				CLANG_WARN_OBJC_LITERAL_CONVERSION = YES;
				CLANG_WARN_OBJC_ROOT_CLASS = YES_ERROR;
				CLANG_WARN_QUOTED_INCLUDE_IN_FRAMEWORK_HEADER = YES;
				CLANG_WARN_RANGE_LOOP_ANALYSIS = YES;
				CLANG_WARN_STRICT_PROTOTYPES = YES;
				CLANG_WARN_SUSPICIOUS_MOVE = YES;
				CLANG_WARN_UNGUARDED_AVAILABILITY = YES_AGGRESSIVE;
				CLANG_WARN_UNREACHABLE_CODE = YES;
				CLANG_WARN__DUPLICATE_METHOD_MATCH = YES;
				COPY_PHASE_STRIP = NO;
				DEBUG_INFORMATION_FORMAT = dwarf;
				ENABLE_STRICT_OBJC_MSGSEND = YES;
				ENABLE_TESTABILITY = YES;
				GCC_C_LANGUAGE_STANDARD = gnu11;
				GCC_DYNAMIC_NO_PIC = NO;
				GCC_NO_COMMON_BLOCKS = YES;
				GCC_OPTIMIZATION_LEVEL = 0;
				GCC_PREPROCESSOR_DEFINITIONS = (
					"DEBUG=1",
					"$(inherited)",
				);
				GCC_WARN_64_TO_32_BIT_CONVERSION = YES;
				GCC_WARN_ABOUT_RETURN_TYPE = YES_ERROR;
				GCC_WARN_UNDECLARED_SELECTOR = YES;
				GCC_WARN_UNINITIALIZED_AUTOS = YES_AGGRESSIVE;
				GCC_WARN_UNUSED_FUNCTION = YES;
				GCC_WARN_UNUSED_VARIABLE = YES;
				IPHONEOS_DEPLOYMENT_TARGET = 13.0;
				MTL_ENABLE_DEBUG_INFO = INCLUDE_SOURCE;
				MTL_FAST_MATH = YES;
				ONLY_ACTIVE_ARCH = YES;
				SDKROOT = iphoneos;
				SWIFT_ACTIVE_COMPILATION_CONDITIONS = DEBUG;
				SWIFT_OPTIMIZATION_LEVEL = "-Onone";
			};
			name = Debug;
		};
		1FCDDE7B272EE0F10027AAAD /* Release */ = {
			isa = XCBuildConfiguration;
			buildSettings = {
				ALWAYS_SEARCH_USER_PATHS = NO;
				CLANG_ANALYZER_NONNULL = YES;
				CLANG_ANALYZER_NUMBER_OBJECT_CONVERSION = YES_AGGRESSIVE;
				CLANG_CXX_LANGUAGE_STANDARD = "gnu++17";
				CLANG_CXX_LIBRARY = "libc++";
				CLANG_ENABLE_MODULES = YES;
				CLANG_ENABLE_OBJC_ARC = YES;
				CLANG_ENABLE_OBJC_WEAK = YES;
				CLANG_WARN_BLOCK_CAPTURE_AUTORELEASING = YES;
				CLANG_WARN_BOOL_CONVERSION = YES;
				CLANG_WARN_COMMA = YES;
				CLANG_WARN_CONSTANT_CONVERSION = YES;
				CLANG_WARN_DEPRECATED_OBJC_IMPLEMENTATIONS = YES;
				CLANG_WARN_DIRECT_OBJC_ISA_USAGE = YES_ERROR;
				CLANG_WARN_DOCUMENTATION_COMMENTS = YES;
				CLANG_WARN_EMPTY_BODY = YES;
				CLANG_WARN_ENUM_CONVERSION = YES;
				CLANG_WARN_INFINITE_RECURSION = YES;
				CLANG_WARN_INT_CONVERSION = YES;
				CLANG_WARN_NON_LITERAL_NULL_CONVERSION = YES;
				CLANG_WARN_OBJC_IMPLICIT_RETAIN_SELF = YES;
				CLANG_WARN_OBJC_LITERAL_CONVERSION = YES;
				CLANG_WARN_OBJC_ROOT_CLASS = YES_ERROR;
				CLANG_WARN_QUOTED_INCLUDE_IN_FRAMEWORK_HEADER = YES;
				CLANG_WARN_RANGE_LOOP_ANALYSIS = YES;
				CLANG_WARN_STRICT_PROTOTYPES = YES;
				CLANG_WARN_SUSPICIOUS_MOVE = YES;
				CLANG_WARN_UNGUARDED_AVAILABILITY = YES_AGGRESSIVE;
				CLANG_WARN_UNREACHABLE_CODE = YES;
				CLANG_WARN__DUPLICATE_METHOD_MATCH = YES;
				COPY_PHASE_STRIP = NO;
				DEBUG_INFORMATION_FORMAT = "dwarf-with-dsym";
				ENABLE_NS_ASSERTIONS = NO;
				ENABLE_STRICT_OBJC_MSGSEND = YES;
				GCC_C_LANGUAGE_STANDARD = gnu11;
				GCC_NO_COMMON_BLOCKS = YES;
				GCC_WARN_64_TO_32_BIT_CONVERSION = YES;
				GCC_WARN_ABOUT_RETURN_TYPE = YES_ERROR;
				GCC_WARN_UNDECLARED_SELECTOR = YES;
				GCC_WARN_UNINITIALIZED_AUTOS = YES_AGGRESSIVE;
				GCC_WARN_UNUSED_FUNCTION = YES;
				GCC_WARN_UNUSED_VARIABLE = YES;
				IPHONEOS_DEPLOYMENT_TARGET = 13.0;
				MTL_ENABLE_DEBUG_INFO = NO;
				MTL_FAST_MATH = YES;
				SDKROOT = iphoneos;
				SWIFT_COMPILATION_MODE = wholemodule;
				SWIFT_OPTIMIZATION_LEVEL = "-O";
				VALIDATE_PRODUCT = YES;
			};
			name = Release;
		};
		1FCDDE7D272EE0F10027AAAD /* Debug */ = {
			isa = XCBuildConfiguration;
			buildSettings = {
				ASSETCATALOG_COMPILER_APPICON_NAME = AppIcon;
				ASSETCATALOG_COMPILER_GLOBAL_ACCENT_COLOR_NAME = AccentColor;
				CODE_SIGN_STYLE = Automatic;
				CURRENT_PROJECT_VERSION = 1;
				DEVELOPMENT_TEAM = B3PWYBKFUK;
				GENERATE_INFOPLIST_FILE = YES;
				INFOPLIST_FILE = Escaper/Info.plist;
				INFOPLIST_KEY_NSLocationAlwaysUsageDescription = "현재위치를 확인하기 위해 권한이 필요합니다.(필수권한)";
				INFOPLIST_KEY_NSLocationWhenInUseUsageDescription = "현재위치를 확인하기 위해 권한이 필요합니다.(필수권한)";
				INFOPLIST_KEY_UIApplicationSupportsIndirectInputEvents = YES;
				INFOPLIST_KEY_UILaunchStoryboardName = LaunchScreen;
				INFOPLIST_KEY_UISupportedInterfaceOrientations = UIInterfaceOrientationPortrait;
				INFOPLIST_KEY_UISupportedInterfaceOrientations_iPad = "UIInterfaceOrientationPortrait UIInterfaceOrientationPortraitUpsideDown UIInterfaceOrientationLandscapeLeft UIInterfaceOrientationLandscapeRight";
				INFOPLIST_KEY_UISupportedInterfaceOrientations_iPhone = "UIInterfaceOrientationPortrait UIInterfaceOrientationLandscapeLeft UIInterfaceOrientationLandscapeRight";
				INFOPLIST_KEY_UIUserInterfaceStyle = Light;
				LD_RUNPATH_SEARCH_PATHS = (
					"$(inherited)",
					"@executable_path/Frameworks",
				);
				MARKETING_VERSION = 0.2;
				PRODUCT_BUNDLE_IDENTIFIER = kr.boostcamp.Escaper;
				PRODUCT_NAME = "$(TARGET_NAME)";
				SWIFT_EMIT_LOC_STRINGS = YES;
				SWIFT_VERSION = 5.0;
				TARGETED_DEVICE_FAMILY = 1;
			};
			name = Debug;
		};
		1FCDDE7E272EE0F10027AAAD /* Release */ = {
			isa = XCBuildConfiguration;
			buildSettings = {
				ASSETCATALOG_COMPILER_APPICON_NAME = AppIcon;
				ASSETCATALOG_COMPILER_GLOBAL_ACCENT_COLOR_NAME = AccentColor;
				CODE_SIGN_STYLE = Automatic;
				CURRENT_PROJECT_VERSION = 1;
				DEVELOPMENT_TEAM = B3PWYBKFUK;
				GENERATE_INFOPLIST_FILE = YES;
				INFOPLIST_FILE = Escaper/Info.plist;
				INFOPLIST_KEY_NSLocationAlwaysUsageDescription = "현재위치를 확인하기 위해 권한이 필요합니다.(필수권한)";
				INFOPLIST_KEY_NSLocationWhenInUseUsageDescription = "현재위치를 확인하기 위해 권한이 필요합니다.(필수권한)";
				INFOPLIST_KEY_UIApplicationSupportsIndirectInputEvents = YES;
				INFOPLIST_KEY_UILaunchStoryboardName = LaunchScreen;
				INFOPLIST_KEY_UISupportedInterfaceOrientations = UIInterfaceOrientationPortrait;
				INFOPLIST_KEY_UISupportedInterfaceOrientations_iPad = "UIInterfaceOrientationPortrait UIInterfaceOrientationPortraitUpsideDown UIInterfaceOrientationLandscapeLeft UIInterfaceOrientationLandscapeRight";
				INFOPLIST_KEY_UISupportedInterfaceOrientations_iPhone = "UIInterfaceOrientationPortrait UIInterfaceOrientationLandscapeLeft UIInterfaceOrientationLandscapeRight";
				INFOPLIST_KEY_UIUserInterfaceStyle = Light;
				LD_RUNPATH_SEARCH_PATHS = (
					"$(inherited)",
					"@executable_path/Frameworks",
				);
				MARKETING_VERSION = 0.2;
				PRODUCT_BUNDLE_IDENTIFIER = kr.boostcamp.Escaper;
				PRODUCT_NAME = "$(TARGET_NAME)";
				SWIFT_EMIT_LOC_STRINGS = YES;
				SWIFT_VERSION = 5.0;
				TARGETED_DEVICE_FAMILY = 1;
			};
			name = Release;
		};
/* End XCBuildConfiguration section */

/* Begin XCConfigurationList section */
		1FCDDE63272EE0F00027AAAD /* Build configuration list for PBXProject "Escaper" */ = {
			isa = XCConfigurationList;
			buildConfigurations = (
				1FCDDE7A272EE0F10027AAAD /* Debug */,
				1FCDDE7B272EE0F10027AAAD /* Release */,
			);
			defaultConfigurationIsVisible = 0;
			defaultConfigurationName = Release;
		};
		1FCDDE7C272EE0F10027AAAD /* Build configuration list for PBXNativeTarget "Escaper" */ = {
			isa = XCConfigurationList;
			buildConfigurations = (
				1FCDDE7D272EE0F10027AAAD /* Debug */,
				1FCDDE7E272EE0F10027AAAD /* Release */,
			);
			defaultConfigurationIsVisible = 0;
			defaultConfigurationName = Release;
		};
/* End XCConfigurationList section */

/* Begin XCRemoteSwiftPackageReference section */
		1FE6C8AA2732621800AC7408 /* XCRemoteSwiftPackageReference "firebase-ios-sdk" */ = {
			isa = XCRemoteSwiftPackageReference;
			repositoryURL = "https://github.com/firebase/firebase-ios-sdk";
			requirement = {
				branch = master;
				kind = branch;
			};
		};
/* End XCRemoteSwiftPackageReference section */

/* Begin XCSwiftPackageProductDependency section */
		1FE6C8AB2732621800AC7408 /* FirebaseFirestore */ = {
			isa = XCSwiftPackageProductDependency;
			package = 1FE6C8AA2732621800AC7408 /* XCRemoteSwiftPackageReference "firebase-ios-sdk" */;
			productName = FirebaseFirestore;
		};
		1FE6C8AD2732621800AC7408 /* FirebaseFirestoreSwift-Beta */ = {
			isa = XCSwiftPackageProductDependency;
			package = 1FE6C8AA2732621800AC7408 /* XCRemoteSwiftPackageReference "firebase-ios-sdk" */;
			productName = "FirebaseFirestoreSwift-Beta";
		};
/* End XCSwiftPackageProductDependency section */
	};
	rootObject = 1FCDDE60272EE0F00027AAAD /* Project object */;
}
