// !$*UTF8*$!
{
	archiveVersion = 1;
	classes = {
	};
	objectVersion = 55;
	objects = {

/* Begin PBXBuildFile section */
		0C955CE627434E690002B787 /* TopRankView.swift in Sources */ = {isa = PBXBuildFile; fileRef = 0C955CE527434E690002B787 /* TopRankView.swift */; };
		0C955CE827437A300002B787 /* RankView.swift in Sources */ = {isa = PBXBuildFile; fileRef = 0C955CE727437A300002B787 /* RankView.swift */; };
		0CAEE3A9273A3769002C1136 /* RoomDetailViewController.swift in Sources */ = {isa = PBXBuildFile; fileRef = 0CAEE3A8273A3769002C1136 /* RoomDetailViewController.swift */; };
		0CAEE3AC273A61B3002C1136 /* RoomDetailInfoView.swift in Sources */ = {isa = PBXBuildFile; fileRef = 0CAEE3AB273A61B2002C1136 /* RoomDetailInfoView.swift */; };
		0CAEE3B1273BA7C3002C1136 /* RoomDetailUserRankView.swift in Sources */ = {isa = PBXBuildFile; fileRef = 0CAEE3B0273BA7C3002C1136 /* RoomDetailUserRankView.swift */; };
		1F061DA8272FF896008FC519 /* .swiftlint.yml in Resources */ = {isa = PBXBuildFile; fileRef = 1F061DA7272FF896008FC519 /* .swiftlint.yml */; };
		1F06844F27315D6300E2C789 /* GoogleService-Info.plist in Resources */ = {isa = PBXBuildFile; fileRef = 1F06844E27315D6300E2C789 /* GoogleService-Info.plist */; };
		1F0CAED32733E00300389CFA /* RoomDTO.swift in Sources */ = {isa = PBXBuildFile; fileRef = 1F0CAED22733E00300389CFA /* RoomDTO.swift */; };
		1F0CAED52733E03600389CFA /* FirebaseService.swift in Sources */ = {isa = PBXBuildFile; fileRef = 1F0CAED42733E03600389CFA /* FirebaseService.swift */; };
		1F0CAED72733E04F00389CFA /* RoomListRepository.swift in Sources */ = {isa = PBXBuildFile; fileRef = 1F0CAED62733E04F00389CFA /* RoomListRepository.swift */; };
		1F22E652273D14D700409A96 /* TimePickerViewController.swift in Sources */ = {isa = PBXBuildFile; fileRef = 1F22E651273D14D700409A96 /* TimePickerViewController.swift */; };
		1F72C20E2734010700C59CC1 /* Observable.swift in Sources */ = {isa = PBXBuildFile; fileRef = 1F72C20D2734010700C59CC1 /* Observable.swift */; };
		1F74F10E273CEEC700CE4D37 /* AddRecordViewController.swift in Sources */ = {isa = PBXBuildFile; fileRef = 1F74F10D273CEEC700CE4D37 /* AddRecordViewController.swift */; };
		1F74F113273CEEFE00CE4D37 /* AddRecordView.swift in Sources */ = {isa = PBXBuildFile; fileRef = 1F74F112273CEEFE00CE4D37 /* AddRecordView.swift */; };
		1F884BC32740D4E500DE67D8 /* FirebaseFirestore in Frameworks */ = {isa = PBXBuildFile; productRef = 1F884BC22740D4E500DE67D8 /* FirebaseFirestore */; };
		1F884BC52740D4FE00DE67D8 /* FirebaseFirestoreSwift-Beta in Frameworks */ = {isa = PBXBuildFile; productRef = 1F884BC42740D4FE00DE67D8 /* FirebaseFirestoreSwift-Beta */; };
		1F884BC72740D51100DE67D8 /* FirebaseStorage in Frameworks */ = {isa = PBXBuildFile; productRef = 1F884BC62740D51100DE67D8 /* FirebaseStorage */; };
		1FAAD09F274666AD00C2AE90 /* RecordCard.swift in Sources */ = {isa = PBXBuildFile; fileRef = 1FAAD094274666AD00C2AE90 /* RecordCard.swift */; };
		1FAAD0A0274666AD00C2AE90 /* User.swift in Sources */ = {isa = PBXBuildFile; fileRef = 1FAAD095274666AD00C2AE90 /* User.swift */; };
		1FAAD0A1274666AD00C2AE90 /* Room.swift in Sources */ = {isa = PBXBuildFile; fileRef = 1FAAD096274666AD00C2AE90 /* Room.swift */; };
		1FAAD0A2274666AD00C2AE90 /* District.swift in Sources */ = {isa = PBXBuildFile; fileRef = 1FAAD098274666AD00C2AE90 /* District.swift */; };
		1FAAD0A3274666AD00C2AE90 /* Genre.swift in Sources */ = {isa = PBXBuildFile; fileRef = 1FAAD099274666AD00C2AE90 /* Genre.swift */; };
		1FAAD0A4274666AD00C2AE90 /* GeoLocation.swift in Sources */ = {isa = PBXBuildFile; fileRef = 1FAAD09A274666AD00C2AE90 /* GeoLocation.swift */; };
		1FAAD0A5274666AD00C2AE90 /* Rating.swift in Sources */ = {isa = PBXBuildFile; fileRef = 1FAAD09B274666AD00C2AE90 /* Rating.swift */; };
		1FAAD0A6274666AD00C2AE90 /* SortingOption.swift in Sources */ = {isa = PBXBuildFile; fileRef = 1FAAD09C274666AD00C2AE90 /* SortingOption.swift */; };
		1FAAD0A7274666AD00C2AE90 /* Store.swift in Sources */ = {isa = PBXBuildFile; fileRef = 1FAAD09D274666AD00C2AE90 /* Store.swift */; };
		1FAAD0A8274666AD00C2AE90 /* Record.swift in Sources */ = {isa = PBXBuildFile; fileRef = 1FAAD09E274666AD00C2AE90 /* Record.swift */; };
		1FAAD0AA2746885100C2AE90 /* StoreRegion.swift in Sources */ = {isa = PBXBuildFile; fileRef = 1FAAD0A92746885100C2AE90 /* StoreRegion.swift */; };
		1FCDDE6C272EE0F00027AAAD /* AppDelegate.swift in Sources */ = {isa = PBXBuildFile; fileRef = 1FCDDE6B272EE0F00027AAAD /* AppDelegate.swift */; };
		1FCDDE6E272EE0F00027AAAD /* SceneDelegate.swift in Sources */ = {isa = PBXBuildFile; fileRef = 1FCDDE6D272EE0F00027AAAD /* SceneDelegate.swift */; };
		1FCDDE70272EE0F00027AAAD /* RoomListViewController.swift in Sources */ = {isa = PBXBuildFile; fileRef = 1FCDDE6F272EE0F00027AAAD /* RoomListViewController.swift */; };
		1FCDDE75272EE0F10027AAAD /* Assets.xcassets in Resources */ = {isa = PBXBuildFile; fileRef = 1FCDDE74272EE0F10027AAAD /* Assets.xcassets */; };
		1FCDDE78272EE0F10027AAAD /* LaunchScreen.storyboard in Resources */ = {isa = PBXBuildFile; fileRef = 1FCDDE76272EE0F10027AAAD /* LaunchScreen.storyboard */; };
		1FE53402273F8ABE00867832 /* SearchRoomViewController.swift in Sources */ = {isa = PBXBuildFile; fileRef = 1FE53400273F8ABE00867832 /* SearchRoomViewController.swift */; };
		1FE53403273F8ABE00867832 /* SearchRoomTableViewCell.swift in Sources */ = {isa = PBXBuildFile; fileRef = 1FE53401273F8ABE00867832 /* SearchRoomTableViewCell.swift */; };
		1FE53406273FB0D300867832 /* UIView+RoundCorners.swift in Sources */ = {isa = PBXBuildFile; fileRef = 1FE53405273FB0D200867832 /* UIView+RoundCorners.swift */; };
		1FE53408273FB14A00867832 /* UISearchBar+SetTextFieldColor.swift in Sources */ = {isa = PBXBuildFile; fileRef = 1FE53407273FB14A00867832 /* UISearchBar+SetTextFieldColor.swift */; };
		1FE5340A273FB25D00867832 /* SearchRoomViewModel.swift in Sources */ = {isa = PBXBuildFile; fileRef = 1FE53409273FB25D00867832 /* SearchRoomViewModel.swift */; };
		25020598273A3300004B024E /* RecordViewController.swift in Sources */ = {isa = PBXBuildFile; fileRef = 25020597273A3300004B024E /* RecordViewController.swift */; };
		2502059A273A33A5004B024E /* MapViewController.swift in Sources */ = {isa = PBXBuildFile; fileRef = 25020599273A33A5004B024E /* MapViewController.swift */; };
		2502059C273A33CB004B024E /* LeaderBoardViewController.swift in Sources */ = {isa = PBXBuildFile; fileRef = 2502059B273A33CB004B024E /* LeaderBoardViewController.swift */; };
		25020603273CE1E1004B024E /* RecordUsecase.swift in Sources */ = {isa = PBXBuildFile; fileRef = 25020602273CE1E1004B024E /* RecordUsecase.swift */; };
		25020605273CE1FC004B024E /* RecordRepository.swift in Sources */ = {isa = PBXBuildFile; fileRef = 25020604273CE1FC004B024E /* RecordRepository.swift */; };
		25020609273CE349004B024E /* RecordDTO.swift in Sources */ = {isa = PBXBuildFile; fileRef = 25020608273CE349004B024E /* RecordDTO.swift */; };
		251031BC27339C0200BD07BF /* RatingView.swift in Sources */ = {isa = PBXBuildFile; fileRef = 251031BB27339C0200BD07BF /* RatingView.swift */; };
		251031C22733A5B500BD07BF /* RatingImage.swift in Sources */ = {isa = PBXBuildFile; fileRef = 251031C12733A5B500BD07BF /* RatingImage.swift */; };
		251031C42733AAF500BD07BF /* RoomOverviewTableViewCell.swift in Sources */ = {isa = PBXBuildFile; fileRef = 251031C32733AAF500BD07BF /* RoomOverviewTableViewCell.swift */; };
		251031C62733BCAC00BD07BF /* RatingContainerView.swift in Sources */ = {isa = PBXBuildFile; fileRef = 251031C52733BCAC00BD07BF /* RatingContainerView.swift */; };
		25104A462744E90F00DB90BF /* InjectionDTOs.swift in Sources */ = {isa = PBXBuildFile; fileRef = 25104A452744E90F00DB90BF /* InjectionDTOs.swift */; };
		25104A482744E98F00DB90BF /* DataInjection.swift in Sources */ = {isa = PBXBuildFile; fileRef = 25104A472744E98F00DB90BF /* DataInjection.swift */; };
		25104A4B2744ED8100DB90BF /* StoreDTO.swift in Sources */ = {isa = PBXBuildFile; fileRef = 25104A4A2744ED8100DB90BF /* StoreDTO.swift */; };
		25104A512745408E00DB90BF /* extra.json in Resources */ = {isa = PBXBuildFile; fileRef = 25104A502745408D00DB90BF /* extra.json */; };
		25104A53274546E100DB90BF /* sinlim.json in Resources */ = {isa = PBXBuildFile; fileRef = 25104A52274546E100DB90BF /* sinlim.json */; };
		2513CACF2735192F00A574C7 /* EDSKit.swift in Sources */ = {isa = PBXBuildFile; fileRef = 2513CACE2735192F00A574C7 /* EDSKit.swift */; };
		2551336A273108A800A92CF3 /* RoomListUseCase.swift in Sources */ = {isa = PBXBuildFile; fileRef = 25513369273108A800A92CF3 /* RoomListUseCase.swift */; };
		2551336C2731093B00A92CF3 /* RoomListViewModel.swift in Sources */ = {isa = PBXBuildFile; fileRef = 2551336B2731093B00A92CF3 /* RoomListViewModel.swift */; };
		25772763273CE87F00881845 /* RoomListRepositoryInterface.swift in Sources */ = {isa = PBXBuildFile; fileRef = 25772761273CE87F00881845 /* RoomListRepositoryInterface.swift */; };
		25772764273CE87F00881845 /* RecordRepositoryInterface.swift in Sources */ = {isa = PBXBuildFile; fileRef = 25772762273CE87F00881845 /* RecordRepositoryInterface.swift */; };
		25772768273D0D0A00881845 /* ImageCacheManager.swift in Sources */ = {isa = PBXBuildFile; fileRef = 25772767273D0D0A00881845 /* ImageCacheManager.swift */; };
		2577276D273D18EB00881845 /* NetworkService.swift in Sources */ = {isa = PBXBuildFile; fileRef = 2577276C273D18EB00881845 /* NetworkService.swift */; };
		25772770273D525500881845 /* Helper.swift in Sources */ = {isa = PBXBuildFile; fileRef = 2577276F273D525500881845 /* Helper.swift */; };
		25BB1DE5274B062F00A98006 /* StoreDetailViewController.swift in Sources */ = {isa = PBXBuildFile; fileRef = 25BB1DE4274B062F00A98006 /* StoreDetailViewController.swift */; };
		25BB1DE8274B099000A98006 /* HorizontalLineView.swift in Sources */ = {isa = PBXBuildFile; fileRef = 25BB1DE7274B099000A98006 /* HorizontalLineView.swift */; };
		25BB1DEA274B09C100A98006 /* InfoDescriptionStackView.swift in Sources */ = {isa = PBXBuildFile; fileRef = 25BB1DE9274B09C100A98006 /* InfoDescriptionStackView.swift */; };
		25BB1DEC274B09EA00A98006 /* InfoDescriptionDetailStackView.swift in Sources */ = {isa = PBXBuildFile; fileRef = 25BB1DEB274B09EA00A98006 /* InfoDescriptionDetailStackView.swift */; };
		25CE99D3274633BC0097247E /* Array+Extension.swift in Sources */ = {isa = PBXBuildFile; fileRef = 25CE99D2274633BC0097247E /* Array+Extension.swift */; };
		25CE99D4274634F20097247E /* DistrictSelectButton.swift in Sources */ = {isa = PBXBuildFile; fileRef = 25772765273CFBD100881845 /* DistrictSelectButton.swift */; };
		25F92C5F273A2AC3005E4A21 /* MainTabBarController.swift in Sources */ = {isa = PBXBuildFile; fileRef = 25F92C5E273A2AC3005E4A21 /* MainTabBarController.swift */; };
		3E0A921F27423679002166C6 /* AddRecordViewModel.swift in Sources */ = {isa = PBXBuildFile; fileRef = 3E0A921E27423679002166C6 /* AddRecordViewModel.swift */; };
		3E2BDEA12732C2FB0081A749 /* Tagable.swift in Sources */ = {isa = PBXBuildFile; fileRef = 3E2BDEA02732C2FB0081A749 /* Tagable.swift */; };
		3E3157192743661800472CAD /* LoginViewController.swift in Sources */ = {isa = PBXBuildFile; fileRef = 3E3157182743661800472CAD /* LoginViewController.swift */; };
		3E31571C274366B900472CAD /* UserInputView.swift in Sources */ = {isa = PBXBuildFile; fileRef = 3E31571B274366B900472CAD /* UserInputView.swift */; };
		3E31575A274387AE00472CAD /* ViewType.swift in Sources */ = {isa = PBXBuildFile; fileRef = 3E315759274387AE00472CAD /* ViewType.swift */; };
		3E4378C927325241001ED120 /* TagScrollView.swift in Sources */ = {isa = PBXBuildFile; fileRef = 3E4378C827325241001ED120 /* TagScrollView.swift */; };
		3E4378CB27329028001ED120 /* TagButton.swift in Sources */ = {isa = PBXBuildFile; fileRef = 3E4378CA27329028001ED120 /* TagButton.swift */; };
		3E4378CD2732914B001ED120 /* DefaultViewController.swift in Sources */ = {isa = PBXBuildFile; fileRef = 3E4378CC2732914B001ED120 /* DefaultViewController.swift */; };
		3E4603072744D514003F414D /* UserInputTextField.swift in Sources */ = {isa = PBXBuildFile; fileRef = 3E4603062744D514003F414D /* UserInputTextField.swift */; };
		3E4603092744F53E003F414D /* SignUpViewController.swift in Sources */ = {isa = PBXBuildFile; fileRef = 3E4603082744F53E003F414D /* SignUpViewController.swift */; };
		3E5902A6273AA3190045ADDE /* RecordCollectionViewCell.swift in Sources */ = {isa = PBXBuildFile; fileRef = 3E5902A5273AA3190045ADDE /* RecordCollectionViewCell.swift */; };
		3E5902A8273B92F50045ADDE /* RecordUserView.swift in Sources */ = {isa = PBXBuildFile; fileRef = 3E5902A7273B92F50045ADDE /* RecordUserView.swift */; };
		3E5902AA273B9C850045ADDE /* RecordStarView.swift in Sources */ = {isa = PBXBuildFile; fileRef = 3E5902A9273B9C850045ADDE /* RecordStarView.swift */; };
		3E5902AC273BA1DC0045ADDE /* RecordResultView.swift in Sources */ = {isa = PBXBuildFile; fileRef = 3E5902AB273BA1DC0045ADDE /* RecordResultView.swift */; };
		3E5902AE273BF0630045ADDE /* RecordHeadView.swift in Sources */ = {isa = PBXBuildFile; fileRef = 3E5902AD273BF0630045ADDE /* RecordHeadView.swift */; };
		3EED222E273CDA150084D290 /* RecordViewModel.swift in Sources */ = {isa = PBXBuildFile; fileRef = 3EED222D273CDA150084D290 /* RecordViewModel.swift */; };
/* End PBXBuildFile section */

/* Begin PBXFileReference section */
		0C955CE527434E690002B787 /* TopRankView.swift */ = {isa = PBXFileReference; lastKnownFileType = sourcecode.swift; path = TopRankView.swift; sourceTree = "<group>"; };
		0C955CE727437A300002B787 /* RankView.swift */ = {isa = PBXFileReference; lastKnownFileType = sourcecode.swift; path = RankView.swift; sourceTree = "<group>"; };
		0CAEE3A8273A3769002C1136 /* RoomDetailViewController.swift */ = {isa = PBXFileReference; lastKnownFileType = sourcecode.swift; path = RoomDetailViewController.swift; sourceTree = "<group>"; };
		0CAEE3AB273A61B2002C1136 /* RoomDetailInfoView.swift */ = {isa = PBXFileReference; lastKnownFileType = sourcecode.swift; path = RoomDetailInfoView.swift; sourceTree = "<group>"; };
		0CAEE3B0273BA7C3002C1136 /* RoomDetailUserRankView.swift */ = {isa = PBXFileReference; lastKnownFileType = sourcecode.swift; path = RoomDetailUserRankView.swift; sourceTree = "<group>"; };
		1F061DA7272FF896008FC519 /* .swiftlint.yml */ = {isa = PBXFileReference; fileEncoding = 4; lastKnownFileType = text.yaml; path = .swiftlint.yml; sourceTree = "<group>"; };
		1F06844E27315D6300E2C789 /* GoogleService-Info.plist */ = {isa = PBXFileReference; fileEncoding = 4; lastKnownFileType = text.plist.xml; path = "GoogleService-Info.plist"; sourceTree = "<group>"; };
		1F0CAED22733E00300389CFA /* RoomDTO.swift */ = {isa = PBXFileReference; lastKnownFileType = sourcecode.swift; path = RoomDTO.swift; sourceTree = "<group>"; };
		1F0CAED42733E03600389CFA /* FirebaseService.swift */ = {isa = PBXFileReference; lastKnownFileType = sourcecode.swift; path = FirebaseService.swift; sourceTree = "<group>"; };
		1F0CAED62733E04F00389CFA /* RoomListRepository.swift */ = {isa = PBXFileReference; lastKnownFileType = sourcecode.swift; path = RoomListRepository.swift; sourceTree = "<group>"; };
		1F22E651273D14D700409A96 /* TimePickerViewController.swift */ = {isa = PBXFileReference; lastKnownFileType = sourcecode.swift; path = TimePickerViewController.swift; sourceTree = "<group>"; };
		1F72C20D2734010700C59CC1 /* Observable.swift */ = {isa = PBXFileReference; fileEncoding = 4; lastKnownFileType = sourcecode.swift; path = Observable.swift; sourceTree = "<group>"; };
		1F74F10D273CEEC700CE4D37 /* AddRecordViewController.swift */ = {isa = PBXFileReference; fileEncoding = 4; lastKnownFileType = sourcecode.swift; path = AddRecordViewController.swift; sourceTree = "<group>"; };
		1F74F112273CEEFE00CE4D37 /* AddRecordView.swift */ = {isa = PBXFileReference; fileEncoding = 4; lastKnownFileType = sourcecode.swift; path = AddRecordView.swift; sourceTree = "<group>"; };
		1FAAD094274666AD00C2AE90 /* RecordCard.swift */ = {isa = PBXFileReference; fileEncoding = 4; lastKnownFileType = sourcecode.swift; path = RecordCard.swift; sourceTree = "<group>"; };
		1FAAD095274666AD00C2AE90 /* User.swift */ = {isa = PBXFileReference; fileEncoding = 4; lastKnownFileType = sourcecode.swift; path = User.swift; sourceTree = "<group>"; };
		1FAAD096274666AD00C2AE90 /* Room.swift */ = {isa = PBXFileReference; fileEncoding = 4; lastKnownFileType = sourcecode.swift; path = Room.swift; sourceTree = "<group>"; };
		1FAAD098274666AD00C2AE90 /* District.swift */ = {isa = PBXFileReference; fileEncoding = 4; lastKnownFileType = sourcecode.swift; path = District.swift; sourceTree = "<group>"; };
		1FAAD099274666AD00C2AE90 /* Genre.swift */ = {isa = PBXFileReference; fileEncoding = 4; lastKnownFileType = sourcecode.swift; path = Genre.swift; sourceTree = "<group>"; };
		1FAAD09A274666AD00C2AE90 /* GeoLocation.swift */ = {isa = PBXFileReference; fileEncoding = 4; lastKnownFileType = sourcecode.swift; path = GeoLocation.swift; sourceTree = "<group>"; };
		1FAAD09B274666AD00C2AE90 /* Rating.swift */ = {isa = PBXFileReference; fileEncoding = 4; lastKnownFileType = sourcecode.swift; path = Rating.swift; sourceTree = "<group>"; };
		1FAAD09C274666AD00C2AE90 /* SortingOption.swift */ = {isa = PBXFileReference; fileEncoding = 4; lastKnownFileType = sourcecode.swift; path = SortingOption.swift; sourceTree = "<group>"; };
		1FAAD09D274666AD00C2AE90 /* Store.swift */ = {isa = PBXFileReference; fileEncoding = 4; lastKnownFileType = sourcecode.swift; path = Store.swift; sourceTree = "<group>"; };
		1FAAD09E274666AD00C2AE90 /* Record.swift */ = {isa = PBXFileReference; fileEncoding = 4; lastKnownFileType = sourcecode.swift; path = Record.swift; sourceTree = "<group>"; };
		1FAAD0A92746885100C2AE90 /* StoreRegion.swift */ = {isa = PBXFileReference; lastKnownFileType = sourcecode.swift; path = StoreRegion.swift; sourceTree = "<group>"; };
		1FCDDE68272EE0F00027AAAD /* Escaper.app */ = {isa = PBXFileReference; explicitFileType = wrapper.application; includeInIndex = 0; path = Escaper.app; sourceTree = BUILT_PRODUCTS_DIR; };
		1FCDDE6B272EE0F00027AAAD /* AppDelegate.swift */ = {isa = PBXFileReference; lastKnownFileType = sourcecode.swift; path = AppDelegate.swift; sourceTree = "<group>"; };
		1FCDDE6D272EE0F00027AAAD /* SceneDelegate.swift */ = {isa = PBXFileReference; lastKnownFileType = sourcecode.swift; path = SceneDelegate.swift; sourceTree = "<group>"; };
		1FCDDE6F272EE0F00027AAAD /* RoomListViewController.swift */ = {isa = PBXFileReference; lastKnownFileType = sourcecode.swift; path = RoomListViewController.swift; sourceTree = "<group>"; };
		1FCDDE74272EE0F10027AAAD /* Assets.xcassets */ = {isa = PBXFileReference; lastKnownFileType = folder.assetcatalog; path = Assets.xcassets; sourceTree = "<group>"; };
		1FCDDE77272EE0F10027AAAD /* Base */ = {isa = PBXFileReference; lastKnownFileType = file.storyboard; name = Base; path = Base.lproj/LaunchScreen.storyboard; sourceTree = "<group>"; };
		1FCDDE79272EE0F10027AAAD /* Info.plist */ = {isa = PBXFileReference; lastKnownFileType = text.plist.xml; path = Info.plist; sourceTree = "<group>"; };
		1FE53400273F8ABE00867832 /* SearchRoomViewController.swift */ = {isa = PBXFileReference; fileEncoding = 4; lastKnownFileType = sourcecode.swift; path = SearchRoomViewController.swift; sourceTree = "<group>"; };
		1FE53401273F8ABE00867832 /* SearchRoomTableViewCell.swift */ = {isa = PBXFileReference; fileEncoding = 4; lastKnownFileType = sourcecode.swift; path = SearchRoomTableViewCell.swift; sourceTree = "<group>"; };
		1FE53405273FB0D200867832 /* UIView+RoundCorners.swift */ = {isa = PBXFileReference; lastKnownFileType = sourcecode.swift; path = "UIView+RoundCorners.swift"; sourceTree = "<group>"; };
		1FE53407273FB14A00867832 /* UISearchBar+SetTextFieldColor.swift */ = {isa = PBXFileReference; lastKnownFileType = sourcecode.swift; path = "UISearchBar+SetTextFieldColor.swift"; sourceTree = "<group>"; };
		1FE53409273FB25D00867832 /* SearchRoomViewModel.swift */ = {isa = PBXFileReference; lastKnownFileType = sourcecode.swift; path = SearchRoomViewModel.swift; sourceTree = "<group>"; };
		25020597273A3300004B024E /* RecordViewController.swift */ = {isa = PBXFileReference; lastKnownFileType = sourcecode.swift; path = RecordViewController.swift; sourceTree = "<group>"; };
		25020599273A33A5004B024E /* MapViewController.swift */ = {isa = PBXFileReference; lastKnownFileType = sourcecode.swift; path = MapViewController.swift; sourceTree = "<group>"; };
		2502059B273A33CB004B024E /* LeaderBoardViewController.swift */ = {isa = PBXFileReference; lastKnownFileType = sourcecode.swift; path = LeaderBoardViewController.swift; sourceTree = "<group>"; };
		25020602273CE1E1004B024E /* RecordUsecase.swift */ = {isa = PBXFileReference; fileEncoding = 4; lastKnownFileType = sourcecode.swift; path = RecordUsecase.swift; sourceTree = "<group>"; };
		25020604273CE1FC004B024E /* RecordRepository.swift */ = {isa = PBXFileReference; fileEncoding = 4; lastKnownFileType = sourcecode.swift; path = RecordRepository.swift; sourceTree = "<group>"; };
		25020608273CE349004B024E /* RecordDTO.swift */ = {isa = PBXFileReference; fileEncoding = 4; lastKnownFileType = sourcecode.swift; path = RecordDTO.swift; sourceTree = "<group>"; };
		251031BB27339C0200BD07BF /* RatingView.swift */ = {isa = PBXFileReference; lastKnownFileType = sourcecode.swift; path = RatingView.swift; sourceTree = "<group>"; };
		251031C12733A5B500BD07BF /* RatingImage.swift */ = {isa = PBXFileReference; lastKnownFileType = sourcecode.swift; path = RatingImage.swift; sourceTree = "<group>"; };
		251031C32733AAF500BD07BF /* RoomOverviewTableViewCell.swift */ = {isa = PBXFileReference; lastKnownFileType = sourcecode.swift; path = RoomOverviewTableViewCell.swift; sourceTree = "<group>"; };
		251031C52733BCAC00BD07BF /* RatingContainerView.swift */ = {isa = PBXFileReference; lastKnownFileType = sourcecode.swift; path = RatingContainerView.swift; sourceTree = "<group>"; };
		25104A452744E90F00DB90BF /* InjectionDTOs.swift */ = {isa = PBXFileReference; lastKnownFileType = sourcecode.swift; path = InjectionDTOs.swift; sourceTree = "<group>"; };
		25104A472744E98F00DB90BF /* DataInjection.swift */ = {isa = PBXFileReference; lastKnownFileType = sourcecode.swift; path = DataInjection.swift; sourceTree = "<group>"; };
		25104A4A2744ED8100DB90BF /* StoreDTO.swift */ = {isa = PBXFileReference; lastKnownFileType = sourcecode.swift; path = StoreDTO.swift; sourceTree = "<group>"; };
		25104A502745408D00DB90BF /* extra.json */ = {isa = PBXFileReference; fileEncoding = 4; lastKnownFileType = text.json; path = extra.json; sourceTree = "<group>"; };
		25104A52274546E100DB90BF /* sinlim.json */ = {isa = PBXFileReference; fileEncoding = 4; lastKnownFileType = text.json; path = sinlim.json; sourceTree = "<group>"; };
		2513CACE2735192F00A574C7 /* EDSKit.swift */ = {isa = PBXFileReference; lastKnownFileType = sourcecode.swift; path = EDSKit.swift; sourceTree = "<group>"; };
		25513369273108A800A92CF3 /* RoomListUseCase.swift */ = {isa = PBXFileReference; lastKnownFileType = sourcecode.swift; path = RoomListUseCase.swift; sourceTree = "<group>"; };
		2551336B2731093B00A92CF3 /* RoomListViewModel.swift */ = {isa = PBXFileReference; lastKnownFileType = sourcecode.swift; path = RoomListViewModel.swift; sourceTree = "<group>"; };
		25772761273CE87F00881845 /* RoomListRepositoryInterface.swift */ = {isa = PBXFileReference; fileEncoding = 4; lastKnownFileType = sourcecode.swift; path = RoomListRepositoryInterface.swift; sourceTree = "<group>"; };
		25772762273CE87F00881845 /* RecordRepositoryInterface.swift */ = {isa = PBXFileReference; fileEncoding = 4; lastKnownFileType = sourcecode.swift; path = RecordRepositoryInterface.swift; sourceTree = "<group>"; };
		25772765273CFBD100881845 /* DistrictSelectButton.swift */ = {isa = PBXFileReference; fileEncoding = 4; lastKnownFileType = sourcecode.swift; path = DistrictSelectButton.swift; sourceTree = "<group>"; };
		25772767273D0D0A00881845 /* ImageCacheManager.swift */ = {isa = PBXFileReference; lastKnownFileType = sourcecode.swift; path = ImageCacheManager.swift; sourceTree = "<group>"; };
		2577276C273D18EB00881845 /* NetworkService.swift */ = {isa = PBXFileReference; lastKnownFileType = sourcecode.swift; path = NetworkService.swift; sourceTree = "<group>"; };
		2577276F273D525500881845 /* Helper.swift */ = {isa = PBXFileReference; lastKnownFileType = sourcecode.swift; path = Helper.swift; sourceTree = "<group>"; };
		25BB1DE4274B062F00A98006 /* StoreDetailViewController.swift */ = {isa = PBXFileReference; lastKnownFileType = sourcecode.swift; path = StoreDetailViewController.swift; sourceTree = "<group>"; };
		25BB1DE7274B099000A98006 /* HorizontalLineView.swift */ = {isa = PBXFileReference; lastKnownFileType = sourcecode.swift; path = HorizontalLineView.swift; sourceTree = "<group>"; };
		25BB1DE9274B09C100A98006 /* InfoDescriptionStackView.swift */ = {isa = PBXFileReference; lastKnownFileType = sourcecode.swift; path = InfoDescriptionStackView.swift; sourceTree = "<group>"; };
		25BB1DEB274B09EA00A98006 /* InfoDescriptionDetailStackView.swift */ = {isa = PBXFileReference; lastKnownFileType = sourcecode.swift; path = InfoDescriptionDetailStackView.swift; sourceTree = "<group>"; };
		25CE99D2274633BC0097247E /* Array+Extension.swift */ = {isa = PBXFileReference; lastKnownFileType = sourcecode.swift; path = "Array+Extension.swift"; sourceTree = "<group>"; };
		25F92C5E273A2AC3005E4A21 /* MainTabBarController.swift */ = {isa = PBXFileReference; lastKnownFileType = sourcecode.swift; path = MainTabBarController.swift; sourceTree = "<group>"; };
		3E0A921E27423679002166C6 /* AddRecordViewModel.swift */ = {isa = PBXFileReference; lastKnownFileType = sourcecode.swift; path = AddRecordViewModel.swift; sourceTree = "<group>"; };
		3E2BDEA02732C2FB0081A749 /* Tagable.swift */ = {isa = PBXFileReference; lastKnownFileType = sourcecode.swift; path = Tagable.swift; sourceTree = "<group>"; };
		3E3157182743661800472CAD /* LoginViewController.swift */ = {isa = PBXFileReference; lastKnownFileType = sourcecode.swift; path = LoginViewController.swift; sourceTree = "<group>"; };
		3E31571B274366B900472CAD /* UserInputView.swift */ = {isa = PBXFileReference; lastKnownFileType = sourcecode.swift; path = UserInputView.swift; sourceTree = "<group>"; };
		3E315759274387AE00472CAD /* ViewType.swift */ = {isa = PBXFileReference; lastKnownFileType = sourcecode.swift; path = ViewType.swift; sourceTree = "<group>"; };
		3E4378C827325241001ED120 /* TagScrollView.swift */ = {isa = PBXFileReference; lastKnownFileType = sourcecode.swift; path = TagScrollView.swift; sourceTree = "<group>"; };
		3E4378CA27329028001ED120 /* TagButton.swift */ = {isa = PBXFileReference; lastKnownFileType = sourcecode.swift; path = TagButton.swift; sourceTree = "<group>"; };
		3E4378CC2732914B001ED120 /* DefaultViewController.swift */ = {isa = PBXFileReference; lastKnownFileType = sourcecode.swift; path = DefaultViewController.swift; sourceTree = "<group>"; };
		3E4603062744D514003F414D /* UserInputTextField.swift */ = {isa = PBXFileReference; lastKnownFileType = sourcecode.swift; path = UserInputTextField.swift; sourceTree = "<group>"; };
		3E4603082744F53E003F414D /* SignUpViewController.swift */ = {isa = PBXFileReference; lastKnownFileType = sourcecode.swift; path = SignUpViewController.swift; sourceTree = "<group>"; };
		3E5902A5273AA3190045ADDE /* RecordCollectionViewCell.swift */ = {isa = PBXFileReference; lastKnownFileType = sourcecode.swift; path = RecordCollectionViewCell.swift; sourceTree = "<group>"; };
		3E5902A7273B92F50045ADDE /* RecordUserView.swift */ = {isa = PBXFileReference; lastKnownFileType = sourcecode.swift; path = RecordUserView.swift; sourceTree = "<group>"; };
		3E5902A9273B9C850045ADDE /* RecordStarView.swift */ = {isa = PBXFileReference; lastKnownFileType = sourcecode.swift; path = RecordStarView.swift; sourceTree = "<group>"; };
		3E5902AB273BA1DC0045ADDE /* RecordResultView.swift */ = {isa = PBXFileReference; lastKnownFileType = sourcecode.swift; path = RecordResultView.swift; sourceTree = "<group>"; };
		3E5902AD273BF0630045ADDE /* RecordHeadView.swift */ = {isa = PBXFileReference; lastKnownFileType = sourcecode.swift; path = RecordHeadView.swift; sourceTree = "<group>"; };
		3EED222D273CDA150084D290 /* RecordViewModel.swift */ = {isa = PBXFileReference; lastKnownFileType = sourcecode.swift; path = RecordViewModel.swift; sourceTree = "<group>"; };
/* End PBXFileReference section */

/* Begin PBXFrameworksBuildPhase section */
		1FCDDE65272EE0F00027AAAD /* Frameworks */ = {
			isa = PBXFrameworksBuildPhase;
			buildActionMask = 2147483647;
			files = (
				1F884BC52740D4FE00DE67D8 /* FirebaseFirestoreSwift-Beta in Frameworks */,
				1F884BC32740D4E500DE67D8 /* FirebaseFirestore in Frameworks */,
				1F884BC72740D51100DE67D8 /* FirebaseStorage in Frameworks */,
			);
			runOnlyForDeploymentPostprocessing = 0;
		};
/* End PBXFrameworksBuildPhase section */

/* Begin PBXGroup section */
		0C955CE427434E330002B787 /* Views */ = {
			isa = PBXGroup;
			children = (
				0C955CE527434E690002B787 /* TopRankView.swift */,
				0C955CE727437A300002B787 /* RankView.swift */,
			);
			path = Views;
			sourceTree = "<group>";
		};
		0CAEE3AA273A618A002C1136 /* Views */ = {
			isa = PBXGroup;
			children = (
				0CAEE3AB273A61B2002C1136 /* RoomDetailInfoView.swift */,
				0CAEE3B0273BA7C3002C1136 /* RoomDetailUserRankView.swift */,
			);
			path = Views;
			sourceTree = "<group>";
		};
		1F0CAED12733DFF300389CFA /* DataMapping */ = {
			isa = PBXGroup;
			children = (
				25020608273CE349004B024E /* RecordDTO.swift */,
				1F0CAED22733E00300389CFA /* RoomDTO.swift */,
				25104A4A2744ED8100DB90BF /* StoreDTO.swift */,
			);
			path = DataMapping;
			sourceTree = "<group>";
		};
		1F74F111273CEEFE00CE4D37 /* View */ = {
			isa = PBXGroup;
			children = (
				1F74F112273CEEFE00CE4D37 /* AddRecordView.swift */,
			);
			path = View;
			sourceTree = "<group>";
		};
		1FAAD093274666AD00C2AE90 /* Entities */ = {
			isa = PBXGroup;
			children = (
				1FAAD097274666AD00C2AE90 /* Supplementary */,
				1FAAD094274666AD00C2AE90 /* RecordCard.swift */,
				1FAAD095274666AD00C2AE90 /* User.swift */,
				1FAAD096274666AD00C2AE90 /* Room.swift */,
				1FAAD0A92746885100C2AE90 /* StoreRegion.swift */,
				1FAAD09D274666AD00C2AE90 /* Store.swift */,
				1FAAD09E274666AD00C2AE90 /* Record.swift */,
			);
			path = Entities;
			sourceTree = "<group>";
		};
		1FAAD097274666AD00C2AE90 /* Supplementary */ = {
			isa = PBXGroup;
			children = (
				1FAAD098274666AD00C2AE90 /* District.swift */,
				1FAAD099274666AD00C2AE90 /* Genre.swift */,
				1FAAD09A274666AD00C2AE90 /* GeoLocation.swift */,
				1FAAD09B274666AD00C2AE90 /* Rating.swift */,
				1FAAD09C274666AD00C2AE90 /* SortingOption.swift */,
			);
			path = Supplementary;
			sourceTree = "<group>";
		};
		1FCDDE5F272EE0F00027AAAD = {
			isa = PBXGroup;
			children = (
				1F061DA7272FF896008FC519 /* .swiftlint.yml */,
				1FCDDE6A272EE0F00027AAAD /* Escaper */,
				1FCDDE69272EE0F00027AAAD /* Products */,
				25772769273D124D00881845 /* Frameworks */,
			);
			sourceTree = "<group>";
		};
		1FCDDE69272EE0F00027AAAD /* Products */ = {
			isa = PBXGroup;
			children = (
				1FCDDE68272EE0F00027AAAD /* Escaper.app */,
			);
			name = Products;
			sourceTree = "<group>";
		};
		1FCDDE6A272EE0F00027AAAD /* Escaper */ = {
			isa = PBXGroup;
			children = (
				1FCDDE79272EE0F10027AAAD /* Info.plist */,
				1F06844E27315D6300E2C789 /* GoogleService-Info.plist */,
				25104A442744E8EC00DB90BF /* DataInjection */,
				255133532730E8DB00A92CF3 /* Application */,
				2551335A2730EC5B00A92CF3 /* Resources */,
				255133572730E92800A92CF3 /* Common */,
				255133542730E8E700A92CF3 /* Presentation */,
				255133552730E8F300A92CF3 /* Domain */,
				255133562730E8FD00A92CF3 /* Infrastructure */,
			);
			path = Escaper;
			sourceTree = "<group>";
		};
		1FE533FF273F8ABE00867832 /* SearchRoom */ = {
			isa = PBXGroup;
			children = (
				1FE53400273F8ABE00867832 /* SearchRoomViewController.swift */,
				1FE53409273FB25D00867832 /* SearchRoomViewModel.swift */,
				1FE5342B273FB9D500867832 /* Cell */,
			);
			path = SearchRoom;
			sourceTree = "<group>";
		};
		1FE5342B273FB9D500867832 /* Cell */ = {
			isa = PBXGroup;
			children = (
				1FE53401273F8ABE00867832 /* SearchRoomTableViewCell.swift */,
			);
			name = Cell;
			sourceTree = "<group>";
		};
		251031BA2733950900BD07BF /* Common */ = {
			isa = PBXGroup;
			children = (
				25F92C5E273A2AC3005E4A21 /* MainTabBarController.swift */,
				3E4378CC2732914B001ED120 /* DefaultViewController.swift */,
				251031BB27339C0200BD07BF /* RatingView.swift */,
			);
			path = Common;
			sourceTree = "<group>";
		};
		25104A442744E8EC00DB90BF /* DataInjection */ = {
			isa = PBXGroup;
			children = (
				25104A452744E90F00DB90BF /* InjectionDTOs.swift */,
				25104A472744E98F00DB90BF /* DataInjection.swift */,
			);
			path = DataInjection;
			sourceTree = "<group>";
		};
		255133532730E8DB00A92CF3 /* Application */ = {
			isa = PBXGroup;
			children = (
				1FCDDE76272EE0F10027AAAD /* LaunchScreen.storyboard */,
				1FCDDE6B272EE0F00027AAAD /* AppDelegate.swift */,
				1FCDDE6D272EE0F00027AAAD /* SceneDelegate.swift */,
			);
			path = Application;
			sourceTree = "<group>";
		};
		255133542730E8E700A92CF3 /* Presentation */ = {
			isa = PBXGroup;
			children = (
				25BB1DE3274B060F00A98006 /* StoreDetail */,
				251031BA2733950900BD07BF /* Common */,
				3E315717274365E800472CAD /* Login */,
				2551335C2730EDA900A92CF3 /* RoomList */,
				2551335D2730EEDB00A92CF3 /* RoomDetail */,
				2551335E2730EEE200A92CF3 /* Map */,
				255133602730EF0300A92CF3 /* Record */,
				255133612730EF4500A92CF3 /* AddRecord */,
				1FE533FF273F8ABE00867832 /* SearchRoom */,
				2551335F2730EEEF00A92CF3 /* LeaderBoard */,
			);
			path = Presentation;
			sourceTree = "<group>";
		};
		255133552730E8F300A92CF3 /* Domain */ = {
			isa = PBXGroup;
			children = (
				2577275F273CE87F00881845 /* Interface */,
				3E2BDE9F2732C2E60081A749 /* Protocol */,
				1FAAD093274666AD00C2AE90 /* Entities */,
				255133652731070F00A92CF3 /* UseCase */,
			);
			path = Domain;
			sourceTree = "<group>";
		};
		255133562730E8FD00A92CF3 /* Infrastructure */ = {
			isa = PBXGroup;
			children = (
				1F0CAED42733E03600389CFA /* FirebaseService.swift */,
				25020604273CE1FC004B024E /* RecordRepository.swift */,
				1F0CAED62733E04F00389CFA /* RoomListRepository.swift */,
				25772767273D0D0A00881845 /* ImageCacheManager.swift */,
				2577276C273D18EB00881845 /* NetworkService.swift */,
				1F0CAED12733DFF300389CFA /* DataMapping */,
			);
			path = Infrastructure;
			sourceTree = "<group>";
		};
		255133572730E92800A92CF3 /* Common */ = {
			isa = PBXGroup;
			children = (
				255133592730EC3B00A92CF3 /* Library */,
				255133582730EC3300A92CF3 /* Extensions */,
			);
			path = Common;
			sourceTree = "<group>";
		};
		255133582730EC3300A92CF3 /* Extensions */ = {
			isa = PBXGroup;
			children = (
				1FE53405273FB0D200867832 /* UIView+RoundCorners.swift */,
				1FE53407273FB14A00867832 /* UISearchBar+SetTextFieldColor.swift */,
				25CE99D2274633BC0097247E /* Array+Extension.swift */,
			);
			path = Extensions;
			sourceTree = "<group>";
		};
		255133592730EC3B00A92CF3 /* Library */ = {
			isa = PBXGroup;
			children = (
				1F72C20D2734010700C59CC1 /* Observable.swift */,
				251031C12733A5B500BD07BF /* RatingImage.swift */,
				2513CACE2735192F00A574C7 /* EDSKit.swift */,
				2577276F273D525500881845 /* Helper.swift */,
				3E315759274387AE00472CAD /* ViewType.swift */,
			);
			path = Library;
			sourceTree = "<group>";
		};
		2551335A2730EC5B00A92CF3 /* Resources */ = {
			isa = PBXGroup;
			children = (
				25104A52274546E100DB90BF /* sinlim.json */,
				25104A502745408D00DB90BF /* extra.json */,
				1FCDDE74272EE0F10027AAAD /* Assets.xcassets */,
			);
			path = Resources;
			sourceTree = "<group>";
		};
		2551335C2730EDA900A92CF3 /* RoomList */ = {
			isa = PBXGroup;
			children = (
				1FCDDE6F272EE0F00027AAAD /* RoomListViewController.swift */,
				2551336B2731093B00A92CF3 /* RoomListViewModel.swift */,
				255133632730F06100A92CF3 /* Views */,
			);
			path = RoomList;
			sourceTree = "<group>";
		};
		2551335D2730EEDB00A92CF3 /* RoomDetail */ = {
			isa = PBXGroup;
			children = (
				0CAEE3A8273A3769002C1136 /* RoomDetailViewController.swift */,
				0CAEE3AA273A618A002C1136 /* Views */,
			);
			path = RoomDetail;
			sourceTree = "<group>";
		};
		2551335E2730EEE200A92CF3 /* Map */ = {
			isa = PBXGroup;
			children = (
				25020599273A33A5004B024E /* MapViewController.swift */,
			);
			path = Map;
			sourceTree = "<group>";
		};
		2551335F2730EEEF00A92CF3 /* LeaderBoard */ = {
			isa = PBXGroup;
			children = (
				2502059B273A33CB004B024E /* LeaderBoardViewController.swift */,
				0C955CE427434E330002B787 /* Views */,
			);
			path = LeaderBoard;
			sourceTree = "<group>";
		};
		255133602730EF0300A92CF3 /* Record */ = {
			isa = PBXGroup;
			children = (
				25020597273A3300004B024E /* RecordViewController.swift */,
				3EED222D273CDA150084D290 /* RecordViewModel.swift */,
				3E5902A1273AA1BB0045ADDE /* Views */,
			);
			path = Record;
			sourceTree = "<group>";
		};
		255133612730EF4500A92CF3 /* AddRecord */ = {
			isa = PBXGroup;
			children = (
				1F74F10D273CEEC700CE4D37 /* AddRecordViewController.swift */,
				3E0A921E27423679002166C6 /* AddRecordViewModel.swift */,
				1F22E651273D14D700409A96 /* TimePickerViewController.swift */,
				1F74F111273CEEFE00CE4D37 /* View */,
			);
			path = AddRecord;
			sourceTree = "<group>";
		};
		255133632730F06100A92CF3 /* Views */ = {
			isa = PBXGroup;
			children = (
				25772765273CFBD100881845 /* DistrictSelectButton.swift */,
				3E4378C827325241001ED120 /* TagScrollView.swift */,
				3E4378CA27329028001ED120 /* TagButton.swift */,
				251031C52733BCAC00BD07BF /* RatingContainerView.swift */,
				255133642730F07000A92CF3 /* Cell */,
			);
			path = Views;
			sourceTree = "<group>";
		};
		255133642730F07000A92CF3 /* Cell */ = {
			isa = PBXGroup;
			children = (
				251031C32733AAF500BD07BF /* RoomOverviewTableViewCell.swift */,
			);
			path = Cell;
			sourceTree = "<group>";
		};
		255133652731070F00A92CF3 /* UseCase */ = {
			isa = PBXGroup;
			children = (
				25513369273108A800A92CF3 /* RoomListUseCase.swift */,
				25020602273CE1E1004B024E /* RecordUsecase.swift */,
			);
			path = UseCase;
			sourceTree = "<group>";
		};
		2577275F273CE87F00881845 /* Interface */ = {
			isa = PBXGroup;
			children = (
				25772760273CE87F00881845 /* Repositories */,
			);
			path = Interface;
			sourceTree = "<group>";
		};
		25772760273CE87F00881845 /* Repositories */ = {
			isa = PBXGroup;
			children = (
				25772761273CE87F00881845 /* RoomListRepositoryInterface.swift */,
				25772762273CE87F00881845 /* RecordRepositoryInterface.swift */,
			);
			path = Repositories;
			sourceTree = "<group>";
		};
		25772769273D124D00881845 /* Frameworks */ = {
			isa = PBXGroup;
			children = (
			);
			name = Frameworks;
			sourceTree = "<group>";
		};
		25BB1DE3274B060F00A98006 /* StoreDetail */ = {
			isa = PBXGroup;
			children = (
				25BB1DE4274B062F00A98006 /* StoreDetailViewController.swift */,
				25BB1DE6274B079F00A98006 /* Views */,
			);
			path = StoreDetail;
			sourceTree = "<group>";
		};
		25BB1DE6274B079F00A98006 /* Views */ = {
			isa = PBXGroup;
			children = (
				25BB1DE7274B099000A98006 /* HorizontalLineView.swift */,
				25BB1DE9274B09C100A98006 /* InfoDescriptionStackView.swift */,
				25BB1DEB274B09EA00A98006 /* InfoDescriptionDetailStackView.swift */,
			);
			path = Views;
			sourceTree = "<group>";
		};
		3E2BDE9F2732C2E60081A749 /* Protocol */ = {
			isa = PBXGroup;
			children = (
				3E2BDEA02732C2FB0081A749 /* Tagable.swift */,
			);
			path = Protocol;
			sourceTree = "<group>";
		};
		3E315717274365E800472CAD /* Login */ = {
			isa = PBXGroup;
			children = (
				3E3157182743661800472CAD /* LoginViewController.swift */,
				3E4603082744F53E003F414D /* SignUpViewController.swift */,
				3E31571A2743665F00472CAD /* Views */,
			);
			path = Login;
			sourceTree = "<group>";
		};
		3E31571A2743665F00472CAD /* Views */ = {
			isa = PBXGroup;
			children = (
				3E31571B274366B900472CAD /* UserInputView.swift */,
				3E4603062744D514003F414D /* UserInputTextField.swift */,
			);
			path = Views;
			sourceTree = "<group>";
		};
		3E5902A1273AA1BB0045ADDE /* Views */ = {
			isa = PBXGroup;
			children = (
				3E5902A4273AA2450045ADDE /* Cells */,
			);
			path = Views;
			sourceTree = "<group>";
		};
		3E5902A4273AA2450045ADDE /* Cells */ = {
			isa = PBXGroup;
			children = (
				3E5902A5273AA3190045ADDE /* RecordCollectionViewCell.swift */,
				3E5902AD273BF0630045ADDE /* RecordHeadView.swift */,
				3E5902A7273B92F50045ADDE /* RecordUserView.swift */,
				3E5902A9273B9C850045ADDE /* RecordStarView.swift */,
				3E5902AB273BA1DC0045ADDE /* RecordResultView.swift */,
			);
			path = Cells;
			sourceTree = "<group>";
		};
/* End PBXGroup section */

/* Begin PBXNativeTarget section */
		1FCDDE67272EE0F00027AAAD /* Escaper */ = {
			isa = PBXNativeTarget;
			buildConfigurationList = 1FCDDE7C272EE0F10027AAAD /* Build configuration list for PBXNativeTarget "Escaper" */;
			buildPhases = (
				1FCDDE64272EE0F00027AAAD /* Sources */,
				1FCDDE65272EE0F00027AAAD /* Frameworks */,
				1FCDDE66272EE0F00027AAAD /* Resources */,
				1FCDDE7F272EE1550027AAAD /* ShellScript */,
			);
			buildRules = (
			);
			dependencies = (
			);
			name = Escaper;
			packageProductDependencies = (
				1F884BC22740D4E500DE67D8 /* FirebaseFirestore */,
				1F884BC42740D4FE00DE67D8 /* FirebaseFirestoreSwift-Beta */,
				1F884BC62740D51100DE67D8 /* FirebaseStorage */,
			);
			productName = Escaper;
			productReference = 1FCDDE68272EE0F00027AAAD /* Escaper.app */;
			productType = "com.apple.product-type.application";
		};
/* End PBXNativeTarget section */

/* Begin PBXProject section */
		1FCDDE60272EE0F00027AAAD /* Project object */ = {
			isa = PBXProject;
			attributes = {
				BuildIndependentTargetsInParallel = 1;
				LastSwiftUpdateCheck = 1300;
				LastUpgradeCheck = 1300;
				TargetAttributes = {
					1FCDDE67272EE0F00027AAAD = {
						CreatedOnToolsVersion = 13.0;
					};
				};
			};
			buildConfigurationList = 1FCDDE63272EE0F00027AAAD /* Build configuration list for PBXProject "Escaper" */;
			compatibilityVersion = "Xcode 13.0";
			developmentRegion = en;
			hasScannedForEncodings = 0;
			knownRegions = (
				en,
				Base,
			);
			mainGroup = 1FCDDE5F272EE0F00027AAAD;
			packageReferences = (
				1FE6C8AA2732621800AC7408 /* XCRemoteSwiftPackageReference "firebase-ios-sdk" */,
			);
			productRefGroup = 1FCDDE69272EE0F00027AAAD /* Products */;
			projectDirPath = "";
			projectRoot = "";
			targets = (
				1FCDDE67272EE0F00027AAAD /* Escaper */,
			);
		};
/* End PBXProject section */

/* Begin PBXResourcesBuildPhase section */
		1FCDDE66272EE0F00027AAAD /* Resources */ = {
			isa = PBXResourcesBuildPhase;
			buildActionMask = 2147483647;
			files = (
				1F061DA8272FF896008FC519 /* .swiftlint.yml in Resources */,
				25104A512745408E00DB90BF /* extra.json in Resources */,
				1F06844F27315D6300E2C789 /* GoogleService-Info.plist in Resources */,
				1FCDDE78272EE0F10027AAAD /* LaunchScreen.storyboard in Resources */,
				1FCDDE75272EE0F10027AAAD /* Assets.xcassets in Resources */,
				25104A53274546E100DB90BF /* sinlim.json in Resources */,
			);
			runOnlyForDeploymentPostprocessing = 0;
		};
/* End PBXResourcesBuildPhase section */

/* Begin PBXShellScriptBuildPhase section */
		1FCDDE7F272EE1550027AAAD /* ShellScript */ = {
			isa = PBXShellScriptBuildPhase;
			buildActionMask = 2147483647;
			files = (
			);
			inputFileListPaths = (
			);
			inputPaths = (
			);
			outputFileListPaths = (
			);
			outputPaths = (
			);
			runOnlyForDeploymentPostprocessing = 0;
			shellPath = /bin/sh;
			shellScript = "export PATH=\"$PATH:/opt/homebrew/bin\"\nexport arch_name=\"$(uname -m)\"\n\nif [ \"${arch_name}\" = \"x86_64\" ]; then\n    if which swiftlint >/dev/null; then\n        swiftlint\n    else \n        echo \"warning: SwiftLint not installed, download from https://github.com/realm/SwiftLint\"\n    fi\nelif [ \"${arch_name}\" = \"arm64\" ]; then\n    if which swiftlint; then\n        swiftlint\n    else\n        echo \"warning: SwiftLint not installed, download from https://github.com/realm/SwiftLint\"\n    fi\nfi\n\n";
		};
/* End PBXShellScriptBuildPhase section */

/* Begin PBXSourcesBuildPhase section */
		1FCDDE64272EE0F00027AAAD /* Sources */ = {
			isa = PBXSourcesBuildPhase;
			buildActionMask = 2147483647;
			files = (
				1FE53406273FB0D300867832 /* UIView+RoundCorners.swift in Sources */,
				25020609273CE349004B024E /* RecordDTO.swift in Sources */,
				251031C42733AAF500BD07BF /* RoomOverviewTableViewCell.swift in Sources */,
				25772764273CE87F00881845 /* RecordRepositoryInterface.swift in Sources */,
				1FAAD0A0274666AD00C2AE90 /* User.swift in Sources */,
				3E5902AA273B9C850045ADDE /* RecordStarView.swift in Sources */,
				3E4378C927325241001ED120 /* TagScrollView.swift in Sources */,
				3EED222E273CDA150084D290 /* RecordViewModel.swift in Sources */,
				1F0CAED32733E00300389CFA /* RoomDTO.swift in Sources */,
				25020598273A3300004B024E /* RecordViewController.swift in Sources */,
				25772763273CE87F00881845 /* RoomListRepositoryInterface.swift in Sources */,
				1FCDDE70272EE0F00027AAAD /* RoomListViewController.swift in Sources */,
				2551336C2731093B00A92CF3 /* RoomListViewModel.swift in Sources */,
				0CAEE3AC273A61B3002C1136 /* RoomDetailInfoView.swift in Sources */,
				25772770273D525500881845 /* Helper.swift in Sources */,
				3E4603092744F53E003F414D /* SignUpViewController.swift in Sources */,
				3E31571C274366B900472CAD /* UserInputView.swift in Sources */,
				3E31575A274387AE00472CAD /* ViewType.swift in Sources */,
				1FE53402273F8ABE00867832 /* SearchRoomViewController.swift in Sources */,
				1FAAD0A2274666AD00C2AE90 /* District.swift in Sources */,
				1FAAD0A1274666AD00C2AE90 /* Room.swift in Sources */,
				3E5902A8273B92F50045ADDE /* RecordUserView.swift in Sources */,
				25BB1DEC274B09EA00A98006 /* InfoDescriptionDetailStackView.swift in Sources */,
				3E0A921F27423679002166C6 /* AddRecordViewModel.swift in Sources */,
				25104A482744E98F00DB90BF /* DataInjection.swift in Sources */,
				25104A462744E90F00DB90BF /* InjectionDTOs.swift in Sources */,
				1FAAD0AA2746885100C2AE90 /* StoreRegion.swift in Sources */,
				1FE53402273F8ABE00867832 /* SearchRoomViewController.swift in Sources */,
				3E5902A8273B92F50045ADDE /* RecordUserView.swift in Sources */,
				251031C62733BCAC00BD07BF /* RatingContainerView.swift in Sources */,
				25CE99D4274634F20097247E /* DistrictSelectButton.swift in Sources */,
				1F0CAED52733E03600389CFA /* FirebaseService.swift in Sources */,
				1FAAD0A7274666AD00C2AE90 /* Store.swift in Sources */,
				3E3157192743661800472CAD /* LoginViewController.swift in Sources */,
				25BB1DE5274B062F00A98006 /* StoreDetailViewController.swift in Sources */,
				1F72C20E2734010700C59CC1 /* Observable.swift in Sources */,
				3E2BDEA12732C2FB0081A749 /* Tagable.swift in Sources */,
				2502059C273A33CB004B024E /* LeaderBoardViewController.swift in Sources */,
				1F0CAED72733E04F00389CFA /* RoomListRepository.swift in Sources */,
				1FCDDE6C272EE0F00027AAAD /* AppDelegate.swift in Sources */,
				1FAAD0A3274666AD00C2AE90 /* Genre.swift in Sources */,
				1FAAD0A8274666AD00C2AE90 /* Record.swift in Sources */,
				2577276D273D18EB00881845 /* NetworkService.swift in Sources */,
				3E4378CD2732914B001ED120 /* DefaultViewController.swift in Sources */,
				0CAEE3B1273BA7C3002C1136 /* RoomDetailUserRankView.swift in Sources */,
				3E5902AE273BF0630045ADDE /* RecordHeadView.swift in Sources */,
				25104A4B2744ED8100DB90BF /* StoreDTO.swift in Sources */,
				1FAAD0A5274666AD00C2AE90 /* Rating.swift in Sources */,
				2551336A273108A800A92CF3 /* RoomListUseCase.swift in Sources */,
				3E4603072744D514003F414D /* UserInputTextField.swift in Sources */,
				1FAAD0A6274666AD00C2AE90 /* SortingOption.swift in Sources */,
				0C955CE627434E690002B787 /* TopRankView.swift in Sources */,
				3E4378CB27329028001ED120 /* TagButton.swift in Sources */,
				25CE99D3274633BC0097247E /* Array+Extension.swift in Sources */,
				1FE53403273F8ABE00867832 /* SearchRoomTableViewCell.swift in Sources */,
				2513CACF2735192F00A574C7 /* EDSKit.swift in Sources */,
				25020603273CE1E1004B024E /* RecordUsecase.swift in Sources */,
				251031BC27339C0200BD07BF /* RatingView.swift in Sources */,
				25020605273CE1FC004B024E /* RecordRepository.swift in Sources */,
				25BB1DEA274B09C100A98006 /* InfoDescriptionStackView.swift in Sources */,
				1FAAD09F274666AD00C2AE90 /* RecordCard.swift in Sources */,
				25F92C5F273A2AC3005E4A21 /* MainTabBarController.swift in Sources */,
				1F22E652273D14D700409A96 /* TimePickerViewController.swift in Sources */,
				0CAEE3A9273A3769002C1136 /* RoomDetailViewController.swift in Sources */,
				3E5902AC273BA1DC0045ADDE /* RecordResultView.swift in Sources */,
				1F74F113273CEEFE00CE4D37 /* AddRecordView.swift in Sources */,
				1FCDDE6E272EE0F00027AAAD /* SceneDelegate.swift in Sources */,
				251031C22733A5B500BD07BF /* RatingImage.swift in Sources */,
				1FAAD0A4274666AD00C2AE90 /* GeoLocation.swift in Sources */,
				1FE5340A273FB25D00867832 /* SearchRoomViewModel.swift in Sources */,
				25BB1DE8274B099000A98006 /* HorizontalLineView.swift in Sources */,
				25772768273D0D0A00881845 /* ImageCacheManager.swift in Sources */,
				2502059A273A33A5004B024E /* MapViewController.swift in Sources */,
				0C955CE827437A300002B787 /* RankView.swift in Sources */,
				3E5902A6273AA3190045ADDE /* RecordCollectionViewCell.swift in Sources */,
				1FE53408273FB14A00867832 /* UISearchBar+SetTextFieldColor.swift in Sources */,
				1F74F10E273CEEC700CE4D37 /* AddRecordViewController.swift in Sources */,
			);
			runOnlyForDeploymentPostprocessing = 0;
		};
/* End PBXSourcesBuildPhase section */

/* Begin PBXVariantGroup section */
		1FCDDE76272EE0F10027AAAD /* LaunchScreen.storyboard */ = {
			isa = PBXVariantGroup;
			children = (
				1FCDDE77272EE0F10027AAAD /* Base */,
			);
			name = LaunchScreen.storyboard;
			sourceTree = "<group>";
		};
/* End PBXVariantGroup section */

/* Begin XCBuildConfiguration section */
		1FCDDE7A272EE0F10027AAAD /* Debug */ = {
			isa = XCBuildConfiguration;
			buildSettings = {
				ALWAYS_SEARCH_USER_PATHS = NO;
				CLANG_ANALYZER_NONNULL = YES;
				CLANG_ANALYZER_NUMBER_OBJECT_CONVERSION = YES_AGGRESSIVE;
				CLANG_CXX_LANGUAGE_STANDARD = "gnu++17";
				CLANG_CXX_LIBRARY = "libc++";
				CLANG_ENABLE_MODULES = YES;
				CLANG_ENABLE_OBJC_ARC = YES;
				CLANG_ENABLE_OBJC_WEAK = YES;
				CLANG_WARN_BLOCK_CAPTURE_AUTORELEASING = YES;
				CLANG_WARN_BOOL_CONVERSION = YES;
				CLANG_WARN_COMMA = YES;
				CLANG_WARN_CONSTANT_CONVERSION = YES;
				CLANG_WARN_DEPRECATED_OBJC_IMPLEMENTATIONS = YES;
				CLANG_WARN_DIRECT_OBJC_ISA_USAGE = YES_ERROR;
				CLANG_WARN_DOCUMENTATION_COMMENTS = YES;
				CLANG_WARN_EMPTY_BODY = YES;
				CLANG_WARN_ENUM_CONVERSION = YES;
				CLANG_WARN_INFINITE_RECURSION = YES;
				CLANG_WARN_INT_CONVERSION = YES;
				CLANG_WARN_NON_LITERAL_NULL_CONVERSION = YES;
				CLANG_WARN_OBJC_IMPLICIT_RETAIN_SELF = YES;
				CLANG_WARN_OBJC_LITERAL_CONVERSION = YES;
				CLANG_WARN_OBJC_ROOT_CLASS = YES_ERROR;
				CLANG_WARN_QUOTED_INCLUDE_IN_FRAMEWORK_HEADER = YES;
				CLANG_WARN_RANGE_LOOP_ANALYSIS = YES;
				CLANG_WARN_STRICT_PROTOTYPES = YES;
				CLANG_WARN_SUSPICIOUS_MOVE = YES;
				CLANG_WARN_UNGUARDED_AVAILABILITY = YES_AGGRESSIVE;
				CLANG_WARN_UNREACHABLE_CODE = YES;
				CLANG_WARN__DUPLICATE_METHOD_MATCH = YES;
				COPY_PHASE_STRIP = NO;
				DEBUG_INFORMATION_FORMAT = dwarf;
				ENABLE_STRICT_OBJC_MSGSEND = YES;
				ENABLE_TESTABILITY = YES;
				GCC_C_LANGUAGE_STANDARD = gnu11;
				GCC_DYNAMIC_NO_PIC = NO;
				GCC_NO_COMMON_BLOCKS = YES;
				GCC_OPTIMIZATION_LEVEL = 0;
				GCC_PREPROCESSOR_DEFINITIONS = (
					"DEBUG=1",
					"$(inherited)",
				);
				GCC_WARN_64_TO_32_BIT_CONVERSION = YES;
				GCC_WARN_ABOUT_RETURN_TYPE = YES_ERROR;
				GCC_WARN_UNDECLARED_SELECTOR = YES;
				GCC_WARN_UNINITIALIZED_AUTOS = YES_AGGRESSIVE;
				GCC_WARN_UNUSED_FUNCTION = YES;
				GCC_WARN_UNUSED_VARIABLE = YES;
				IPHONEOS_DEPLOYMENT_TARGET = 13.0;
				MTL_ENABLE_DEBUG_INFO = INCLUDE_SOURCE;
				MTL_FAST_MATH = YES;
				ONLY_ACTIVE_ARCH = YES;
				SDKROOT = iphoneos;
				SWIFT_ACTIVE_COMPILATION_CONDITIONS = DEBUG;
				SWIFT_OPTIMIZATION_LEVEL = "-Onone";
			};
			name = Debug;
		};
		1FCDDE7B272EE0F10027AAAD /* Release */ = {
			isa = XCBuildConfiguration;
			buildSettings = {
				ALWAYS_SEARCH_USER_PATHS = NO;
				CLANG_ANALYZER_NONNULL = YES;
				CLANG_ANALYZER_NUMBER_OBJECT_CONVERSION = YES_AGGRESSIVE;
				CLANG_CXX_LANGUAGE_STANDARD = "gnu++17";
				CLANG_CXX_LIBRARY = "libc++";
				CLANG_ENABLE_MODULES = YES;
				CLANG_ENABLE_OBJC_ARC = YES;
				CLANG_ENABLE_OBJC_WEAK = YES;
				CLANG_WARN_BLOCK_CAPTURE_AUTORELEASING = YES;
				CLANG_WARN_BOOL_CONVERSION = YES;
				CLANG_WARN_COMMA = YES;
				CLANG_WARN_CONSTANT_CONVERSION = YES;
				CLANG_WARN_DEPRECATED_OBJC_IMPLEMENTATIONS = YES;
				CLANG_WARN_DIRECT_OBJC_ISA_USAGE = YES_ERROR;
				CLANG_WARN_DOCUMENTATION_COMMENTS = YES;
				CLANG_WARN_EMPTY_BODY = YES;
				CLANG_WARN_ENUM_CONVERSION = YES;
				CLANG_WARN_INFINITE_RECURSION = YES;
				CLANG_WARN_INT_CONVERSION = YES;
				CLANG_WARN_NON_LITERAL_NULL_CONVERSION = YES;
				CLANG_WARN_OBJC_IMPLICIT_RETAIN_SELF = YES;
				CLANG_WARN_OBJC_LITERAL_CONVERSION = YES;
				CLANG_WARN_OBJC_ROOT_CLASS = YES_ERROR;
				CLANG_WARN_QUOTED_INCLUDE_IN_FRAMEWORK_HEADER = YES;
				CLANG_WARN_RANGE_LOOP_ANALYSIS = YES;
				CLANG_WARN_STRICT_PROTOTYPES = YES;
				CLANG_WARN_SUSPICIOUS_MOVE = YES;
				CLANG_WARN_UNGUARDED_AVAILABILITY = YES_AGGRESSIVE;
				CLANG_WARN_UNREACHABLE_CODE = YES;
				CLANG_WARN__DUPLICATE_METHOD_MATCH = YES;
				COPY_PHASE_STRIP = NO;
				DEBUG_INFORMATION_FORMAT = "dwarf-with-dsym";
				ENABLE_NS_ASSERTIONS = NO;
				ENABLE_STRICT_OBJC_MSGSEND = YES;
				GCC_C_LANGUAGE_STANDARD = gnu11;
				GCC_NO_COMMON_BLOCKS = YES;
				GCC_WARN_64_TO_32_BIT_CONVERSION = YES;
				GCC_WARN_ABOUT_RETURN_TYPE = YES_ERROR;
				GCC_WARN_UNDECLARED_SELECTOR = YES;
				GCC_WARN_UNINITIALIZED_AUTOS = YES_AGGRESSIVE;
				GCC_WARN_UNUSED_FUNCTION = YES;
				GCC_WARN_UNUSED_VARIABLE = YES;
				IPHONEOS_DEPLOYMENT_TARGET = 13.0;
				MTL_ENABLE_DEBUG_INFO = NO;
				MTL_FAST_MATH = YES;
				SDKROOT = iphoneos;
				SWIFT_COMPILATION_MODE = wholemodule;
				SWIFT_OPTIMIZATION_LEVEL = "-O";
				VALIDATE_PRODUCT = YES;
			};
			name = Release;
		};
		1FCDDE7D272EE0F10027AAAD /* Debug */ = {
			isa = XCBuildConfiguration;
			buildSettings = {
				ASSETCATALOG_COMPILER_APPICON_NAME = AppIcon;
				ASSETCATALOG_COMPILER_GLOBAL_ACCENT_COLOR_NAME = AccentColor;
				CODE_SIGN_STYLE = Automatic;
				CURRENT_PROJECT_VERSION = 1;
				DEVELOPMENT_TEAM = B3PWYBKFUK;
				GENERATE_INFOPLIST_FILE = YES;
				INFOPLIST_FILE = Escaper/Info.plist;
				INFOPLIST_KEY_NSLocationAlwaysUsageDescription = "현재위치를 확인하기 위해 권한이 필요합니다.(필수권한)";
				INFOPLIST_KEY_NSLocationWhenInUseUsageDescription = "현재위치를 확인하기 위해 권한이 필요합니다.(필수권한)";
				INFOPLIST_KEY_UIApplicationSupportsIndirectInputEvents = YES;
				INFOPLIST_KEY_UILaunchStoryboardName = LaunchScreen;
				INFOPLIST_KEY_UISupportedInterfaceOrientations = UIInterfaceOrientationPortrait;
				INFOPLIST_KEY_UISupportedInterfaceOrientations_iPad = "UIInterfaceOrientationPortrait UIInterfaceOrientationPortraitUpsideDown UIInterfaceOrientationLandscapeLeft UIInterfaceOrientationLandscapeRight";
				INFOPLIST_KEY_UISupportedInterfaceOrientations_iPhone = "UIInterfaceOrientationPortrait UIInterfaceOrientationLandscapeLeft UIInterfaceOrientationLandscapeRight";
				INFOPLIST_KEY_UIUserInterfaceStyle = Light;
				LD_RUNPATH_SEARCH_PATHS = (
					"$(inherited)",
					"@executable_path/Frameworks",
				);
				MARKETING_VERSION = 0.2;
				PRODUCT_BUNDLE_IDENTIFIER = kr.boostcamp.Escaper;
				PRODUCT_NAME = "$(TARGET_NAME)";
				SWIFT_EMIT_LOC_STRINGS = YES;
				SWIFT_VERSION = 5.0;
				TARGETED_DEVICE_FAMILY = 1;
			};
			name = Debug;
		};
		1FCDDE7E272EE0F10027AAAD /* Release */ = {
			isa = XCBuildConfiguration;
			buildSettings = {
				ASSETCATALOG_COMPILER_APPICON_NAME = AppIcon;
				ASSETCATALOG_COMPILER_GLOBAL_ACCENT_COLOR_NAME = AccentColor;
				CODE_SIGN_STYLE = Automatic;
				CURRENT_PROJECT_VERSION = 1;
				DEVELOPMENT_TEAM = B3PWYBKFUK;
				GENERATE_INFOPLIST_FILE = YES;
				INFOPLIST_FILE = Escaper/Info.plist;
				INFOPLIST_KEY_NSLocationAlwaysUsageDescription = "현재위치를 확인하기 위해 권한이 필요합니다.(필수권한)";
				INFOPLIST_KEY_NSLocationWhenInUseUsageDescription = "현재위치를 확인하기 위해 권한이 필요합니다.(필수권한)";
				INFOPLIST_KEY_UIApplicationSupportsIndirectInputEvents = YES;
				INFOPLIST_KEY_UILaunchStoryboardName = LaunchScreen;
				INFOPLIST_KEY_UISupportedInterfaceOrientations = UIInterfaceOrientationPortrait;
				INFOPLIST_KEY_UISupportedInterfaceOrientations_iPad = "UIInterfaceOrientationPortrait UIInterfaceOrientationPortraitUpsideDown UIInterfaceOrientationLandscapeLeft UIInterfaceOrientationLandscapeRight";
				INFOPLIST_KEY_UISupportedInterfaceOrientations_iPhone = "UIInterfaceOrientationPortrait UIInterfaceOrientationLandscapeLeft UIInterfaceOrientationLandscapeRight";
				INFOPLIST_KEY_UIUserInterfaceStyle = Light;
				LD_RUNPATH_SEARCH_PATHS = (
					"$(inherited)",
					"@executable_path/Frameworks",
				);
				MARKETING_VERSION = 0.2;
				PRODUCT_BUNDLE_IDENTIFIER = kr.boostcamp.Escaper;
				PRODUCT_NAME = "$(TARGET_NAME)";
				SWIFT_EMIT_LOC_STRINGS = YES;
				SWIFT_VERSION = 5.0;
				TARGETED_DEVICE_FAMILY = 1;
			};
			name = Release;
		};
/* End XCBuildConfiguration section */

/* Begin XCConfigurationList section */
		1FCDDE63272EE0F00027AAAD /* Build configuration list for PBXProject "Escaper" */ = {
			isa = XCConfigurationList;
			buildConfigurations = (
				1FCDDE7A272EE0F10027AAAD /* Debug */,
				1FCDDE7B272EE0F10027AAAD /* Release */,
			);
			defaultConfigurationIsVisible = 0;
			defaultConfigurationName = Release;
		};
		1FCDDE7C272EE0F10027AAAD /* Build configuration list for PBXNativeTarget "Escaper" */ = {
			isa = XCConfigurationList;
			buildConfigurations = (
				1FCDDE7D272EE0F10027AAAD /* Debug */,
				1FCDDE7E272EE0F10027AAAD /* Release */,
			);
			defaultConfigurationIsVisible = 0;
			defaultConfigurationName = Release;
		};
/* End XCConfigurationList section */

/* Begin XCRemoteSwiftPackageReference section */
		1FE6C8AA2732621800AC7408 /* XCRemoteSwiftPackageReference "firebase-ios-sdk" */ = {
			isa = XCRemoteSwiftPackageReference;
			repositoryURL = "https://github.com/firebase/firebase-ios-sdk";
			requirement = {
				branch = master;
				kind = branch;
			};
		};
/* End XCRemoteSwiftPackageReference section */

/* Begin XCSwiftPackageProductDependency section */
		1F884BC22740D4E500DE67D8 /* FirebaseFirestore */ = {
			isa = XCSwiftPackageProductDependency;
			package = 1FE6C8AA2732621800AC7408 /* XCRemoteSwiftPackageReference "firebase-ios-sdk" */;
			productName = FirebaseFirestore;
		};
		1F884BC42740D4FE00DE67D8 /* FirebaseFirestoreSwift-Beta */ = {
			isa = XCSwiftPackageProductDependency;
			package = 1FE6C8AA2732621800AC7408 /* XCRemoteSwiftPackageReference "firebase-ios-sdk" */;
			productName = "FirebaseFirestoreSwift-Beta";
		};
		1F884BC62740D51100DE67D8 /* FirebaseStorage */ = {
			isa = XCSwiftPackageProductDependency;
			package = 1FE6C8AA2732621800AC7408 /* XCRemoteSwiftPackageReference "firebase-ios-sdk" */;
			productName = FirebaseStorage;
		};
/* End XCSwiftPackageProductDependency section */
	};
	rootObject = 1FCDDE60272EE0F00027AAAD /* Project object */;
}
